// !$*UTF8*$!
{
	archiveVersion = 1;
	classes = {
	};
	objectVersion = 50;
	objects = {

/* Begin PBXBuildFile section */
		5390C27CC669D333A9003AAE /* Pods_AsyncViewController_Demo.framework in Frameworks */ = {isa = PBXBuildFile; fileRef = 6D2C2E251DB3B151B6FED0BB /* Pods_AsyncViewController_Demo.framework */; };
		8A0DCB18246B21C6005B7829 /* AsyncViewControllerTests.swift in Sources */ = {isa = PBXBuildFile; fileRef = 8A0DCB17246B21C6005B7829 /* AsyncViewControllerTests.swift */; };
		8A0DCB1A246B21C6005B7829 /* AsyncViewController.framework in Frameworks */ = {isa = PBXBuildFile; fileRef = 8AC164FC2465894600BBC00D /* AsyncViewController.framework */; };
		8A46380D2466E33B000B963F /* CustomLoadingViewController.swift in Sources */ = {isa = PBXBuildFile; fileRef = 8A46380C2466E33B000B963F /* CustomLoadingViewController.swift */; };
		8A46380F2466E6EA000B963F /* LoadingViewController.swift in Sources */ = {isa = PBXBuildFile; fileRef = 8A46380E2466E6EA000B963F /* LoadingViewController.swift */; };
		8A4638102466E71B000B963F /* LoadingViewController.swift in Sources */ = {isa = PBXBuildFile; fileRef = 8A46380E2466E6EA000B963F /* LoadingViewController.swift */; };
		8A4638122466E74B000B963F /* LoadingAnimatable.swift in Sources */ = {isa = PBXBuildFile; fileRef = 8A4638112466E74B000B963F /* LoadingAnimatable.swift */; };
		8A4638132466E7DA000B963F /* LoadingAnimatable.swift in Sources */ = {isa = PBXBuildFile; fileRef = 8A4638112466E74B000B963F /* LoadingAnimatable.swift */; };
		8A4CE2BC246C76ED00179FE6 /* LoadingViewControllerTests.swift in Sources */ = {isa = PBXBuildFile; fileRef = 8A4CE2BB246C76ED00179FE6 /* LoadingViewControllerTests.swift */; };
		8A4CE2BE246C7E0900179FE6 /* NavigationItemOverridePolicyTests.swift in Sources */ = {isa = PBXBuildFile; fileRef = 8A4CE2BD246C7E0900179FE6 /* NavigationItemOverridePolicyTests.swift */; };
		8A61829224686025004383B3 /* NavigationItemOverridePolicy.swift in Sources */ = {isa = PBXBuildFile; fileRef = 8A61829124686025004383B3 /* NavigationItemOverridePolicy.swift */; };
		8A61829624686073004383B3 /* NavigationItemOverridePolicy.swift in Sources */ = {isa = PBXBuildFile; fileRef = 8A61829124686025004383B3 /* NavigationItemOverridePolicy.swift */; };
		8AC165012465894600BBC00D /* AsyncViewController.h in Headers */ = {isa = PBXBuildFile; fileRef = 8AC164FF2465894600BBC00D /* AsyncViewController.h */; settings = {ATTRIBUTES = (Public, ); }; };
		8AC165092465899700BBC00D /* AsyncViewController.swift in Sources */ = {isa = PBXBuildFile; fileRef = 8AC165082465899700BBC00D /* AsyncViewController.swift */; };
		8AC1655B2465957600BBC00D /* AsyncViewController.swift in Sources */ = {isa = PBXBuildFile; fileRef = 8AC165082465899700BBC00D /* AsyncViewController.swift */; };
		8AC1655C2465957C00BBC00D /* AppDelegate.swift in Sources */ = {isa = PBXBuildFile; fileRef = 8AC165342465932400BBC00D /* AppDelegate.swift */; };
		8AC1655D2465957C00BBC00D /* SceneDelegate.swift in Sources */ = {isa = PBXBuildFile; fileRef = 8AC165372465932400BBC00D /* SceneDelegate.swift */; };
		8AC1655E2465957C00BBC00D /* MasterViewController.swift in Sources */ = {isa = PBXBuildFile; fileRef = 8AC165352465932400BBC00D /* MasterViewController.swift */; };
		8AC1655F2465958200BBC00D /* Assets.xcassets in Resources */ = {isa = PBXBuildFile; fileRef = 8AC1652F2465932400BBC00D /* Assets.xcassets */; };
		8AC165602465958500BBC00D /* LaunchScreen.storyboard in Resources */ = {isa = PBXBuildFile; fileRef = 8AC165302465932400BBC00D /* LaunchScreen.storyboard */; };
		8AC165612465958500BBC00D /* Main.storyboard in Resources */ = {isa = PBXBuildFile; fileRef = 8AC165322465932400BBC00D /* Main.storyboard */; };
		8AC165632465A91900BBC00D /* DetailViewController.swift in Sources */ = {isa = PBXBuildFile; fileRef = 8AC165622465A91900BBC00D /* DetailViewController.swift */; };
		BC2CA3B6B1D5333568812C96 /* Pods_AsyncViewController_AsyncViewControllerTests.framework in Frameworks */ = {isa = PBXBuildFile; fileRef = 2D8C165F0517EB0949586609 /* Pods_AsyncViewController_AsyncViewControllerTests.framework */; };
		E875A78C9494B1C993272697 /* Pods_AsyncViewController.framework in Frameworks */ = {isa = PBXBuildFile; fileRef = EBFA7714BECC832121EB7AD5 /* Pods_AsyncViewController.framework */; };
/* End PBXBuildFile section */

/* Begin PBXContainerItemProxy section */
		8A0DCB1B246B21C6005B7829 /* PBXContainerItemProxy */ = {
			isa = PBXContainerItemProxy;
			containerPortal = 8AC164F32465894600BBC00D /* Project object */;
			proxyType = 1;
			remoteGlobalIDString = 8AC164FB2465894600BBC00D;
			remoteInfo = AsyncViewController;
		};
/* End PBXContainerItemProxy section */

/* Begin PBXFileReference section */
		2D8C165F0517EB0949586609 /* Pods_AsyncViewController_AsyncViewControllerTests.framework */ = {isa = PBXFileReference; explicitFileType = wrapper.framework; includeInIndex = 0; path = Pods_AsyncViewController_AsyncViewControllerTests.framework; sourceTree = BUILT_PRODUCTS_DIR; };
		30DC8262CDDA3C1FF414EF92 /* Pods-AsyncViewController-AsyncViewControllerTests.debug.xcconfig */ = {isa = PBXFileReference; includeInIndex = 1; lastKnownFileType = text.xcconfig; name = "Pods-AsyncViewController-AsyncViewControllerTests.debug.xcconfig"; path = "Target Support Files/Pods-AsyncViewController-AsyncViewControllerTests/Pods-AsyncViewController-AsyncViewControllerTests.debug.xcconfig"; sourceTree = "<group>"; };
		5C3B7AE5DCC76BEE3144EEE1 /* Pods-AsyncViewController.debug.xcconfig */ = {isa = PBXFileReference; includeInIndex = 1; lastKnownFileType = text.xcconfig; name = "Pods-AsyncViewController.debug.xcconfig"; path = "Target Support Files/Pods-AsyncViewController/Pods-AsyncViewController.debug.xcconfig"; sourceTree = "<group>"; };
		6D2C2E251DB3B151B6FED0BB /* Pods_AsyncViewController_Demo.framework */ = {isa = PBXFileReference; explicitFileType = wrapper.framework; includeInIndex = 0; path = Pods_AsyncViewController_Demo.framework; sourceTree = BUILT_PRODUCTS_DIR; };
		8877A8C4ACC7F698C19F4096 /* Pods-AsyncViewController.release.xcconfig */ = {isa = PBXFileReference; includeInIndex = 1; lastKnownFileType = text.xcconfig; name = "Pods-AsyncViewController.release.xcconfig"; path = "Target Support Files/Pods-AsyncViewController/Pods-AsyncViewController.release.xcconfig"; sourceTree = "<group>"; };
		8A0DCB15246B21C6005B7829 /* AsyncViewControllerTests.xctest */ = {isa = PBXFileReference; explicitFileType = wrapper.cfbundle; includeInIndex = 0; path = AsyncViewControllerTests.xctest; sourceTree = BUILT_PRODUCTS_DIR; };
		8A0DCB17246B21C6005B7829 /* AsyncViewControllerTests.swift */ = {isa = PBXFileReference; lastKnownFileType = sourcecode.swift; path = AsyncViewControllerTests.swift; sourceTree = "<group>"; };
		8A0DCB19246B21C6005B7829 /* Info.plist */ = {isa = PBXFileReference; lastKnownFileType = text.plist.xml; path = Info.plist; sourceTree = "<group>"; };
		8A46380C2466E33B000B963F /* CustomLoadingViewController.swift */ = {isa = PBXFileReference; lastKnownFileType = sourcecode.swift; path = CustomLoadingViewController.swift; sourceTree = "<group>"; };
		8A46380E2466E6EA000B963F /* LoadingViewController.swift */ = {isa = PBXFileReference; lastKnownFileType = sourcecode.swift; path = LoadingViewController.swift; sourceTree = "<group>"; };
		8A4638112466E74B000B963F /* LoadingAnimatable.swift */ = {isa = PBXFileReference; lastKnownFileType = sourcecode.swift; path = LoadingAnimatable.swift; sourceTree = "<group>"; };
		8A4CE2BB246C76ED00179FE6 /* LoadingViewControllerTests.swift */ = {isa = PBXFileReference; lastKnownFileType = sourcecode.swift; path = LoadingViewControllerTests.swift; sourceTree = "<group>"; };
		8A4CE2BD246C7E0900179FE6 /* NavigationItemOverridePolicyTests.swift */ = {isa = PBXFileReference; lastKnownFileType = sourcecode.swift; path = NavigationItemOverridePolicyTests.swift; sourceTree = "<group>"; };
		8A61829124686025004383B3 /* NavigationItemOverridePolicy.swift */ = {isa = PBXFileReference; lastKnownFileType = sourcecode.swift; path = NavigationItemOverridePolicy.swift; sourceTree = "<group>"; };
		8AC164FC2465894600BBC00D /* AsyncViewController.framework */ = {isa = PBXFileReference; explicitFileType = wrapper.framework; includeInIndex = 0; path = AsyncViewController.framework; sourceTree = BUILT_PRODUCTS_DIR; };
		8AC164FF2465894600BBC00D /* AsyncViewController.h */ = {isa = PBXFileReference; lastKnownFileType = sourcecode.c.h; path = AsyncViewController.h; sourceTree = "<group>"; };
		8AC165002465894600BBC00D /* Info.plist */ = {isa = PBXFileReference; lastKnownFileType = text.plist.xml; path = Info.plist; sourceTree = "<group>"; };
		8AC165082465899700BBC00D /* AsyncViewController.swift */ = {isa = PBXFileReference; lastKnownFileType = sourcecode.swift; path = AsyncViewController.swift; sourceTree = "<group>"; };
		8AC1652F2465932400BBC00D /* Assets.xcassets */ = {isa = PBXFileReference; lastKnownFileType = folder.assetcatalog; path = Assets.xcassets; sourceTree = "<group>"; };
		8AC165312465932400BBC00D /* Base */ = {isa = PBXFileReference; lastKnownFileType = file.storyboard; name = Base; path = Base.lproj/LaunchScreen.storyboard; sourceTree = "<group>"; };
		8AC165332465932400BBC00D /* Base */ = {isa = PBXFileReference; lastKnownFileType = file.storyboard; name = Base; path = Base.lproj/Main.storyboard; sourceTree = "<group>"; };
		8AC165342465932400BBC00D /* AppDelegate.swift */ = {isa = PBXFileReference; fileEncoding = 4; lastKnownFileType = sourcecode.swift; path = AppDelegate.swift; sourceTree = "<group>"; };
		8AC165352465932400BBC00D /* MasterViewController.swift */ = {isa = PBXFileReference; fileEncoding = 4; lastKnownFileType = sourcecode.swift; path = MasterViewController.swift; sourceTree = "<group>"; };
		8AC165362465932400BBC00D /* Info.plist */ = {isa = PBXFileReference; fileEncoding = 4; lastKnownFileType = text.plist.xml; path = Info.plist; sourceTree = "<group>"; };
		8AC165372465932400BBC00D /* SceneDelegate.swift */ = {isa = PBXFileReference; fileEncoding = 4; lastKnownFileType = sourcecode.swift; path = SceneDelegate.swift; sourceTree = "<group>"; };
		8AC165452465937F00BBC00D /* AsyncViewController-Demo.app */ = {isa = PBXFileReference; explicitFileType = wrapper.application; includeInIndex = 0; path = "AsyncViewController-Demo.app"; sourceTree = BUILT_PRODUCTS_DIR; };
		8AC165622465A91900BBC00D /* DetailViewController.swift */ = {isa = PBXFileReference; lastKnownFileType = sourcecode.swift; path = DetailViewController.swift; sourceTree = "<group>"; };
		C1FC9355A15EFF643F2733B6 /* Pods-AsyncViewController-Demo.release.xcconfig */ = {isa = PBXFileReference; includeInIndex = 1; lastKnownFileType = text.xcconfig; name = "Pods-AsyncViewController-Demo.release.xcconfig"; path = "Target Support Files/Pods-AsyncViewController-Demo/Pods-AsyncViewController-Demo.release.xcconfig"; sourceTree = "<group>"; };
		EBFA7714BECC832121EB7AD5 /* Pods_AsyncViewController.framework */ = {isa = PBXFileReference; explicitFileType = wrapper.framework; includeInIndex = 0; path = Pods_AsyncViewController.framework; sourceTree = BUILT_PRODUCTS_DIR; };
		FA31A37476CBF5E9D9D4347B /* Pods-AsyncViewController-Demo.debug.xcconfig */ = {isa = PBXFileReference; includeInIndex = 1; lastKnownFileType = text.xcconfig; name = "Pods-AsyncViewController-Demo.debug.xcconfig"; path = "Target Support Files/Pods-AsyncViewController-Demo/Pods-AsyncViewController-Demo.debug.xcconfig"; sourceTree = "<group>"; };
		FA966EFB01CC3C1A25A8CD0B /* Pods-AsyncViewController-AsyncViewControllerTests.release.xcconfig */ = {isa = PBXFileReference; includeInIndex = 1; lastKnownFileType = text.xcconfig; name = "Pods-AsyncViewController-AsyncViewControllerTests.release.xcconfig"; path = "Target Support Files/Pods-AsyncViewController-AsyncViewControllerTests/Pods-AsyncViewController-AsyncViewControllerTests.release.xcconfig"; sourceTree = "<group>"; };
/* End PBXFileReference section */

/* Begin PBXFrameworksBuildPhase section */
		8A0DCB12246B21C6005B7829 /* Frameworks */ = {
			isa = PBXFrameworksBuildPhase;
			buildActionMask = 2147483647;
			files = (
				8A0DCB1A246B21C6005B7829 /* AsyncViewController.framework in Frameworks */,
				BC2CA3B6B1D5333568812C96 /* Pods_AsyncViewController_AsyncViewControllerTests.framework in Frameworks */,
			);
			runOnlyForDeploymentPostprocessing = 0;
		};
		8AC164F92465894600BBC00D /* Frameworks */ = {
			isa = PBXFrameworksBuildPhase;
			buildActionMask = 2147483647;
			files = (
				E875A78C9494B1C993272697 /* Pods_AsyncViewController.framework in Frameworks */,
			);
			runOnlyForDeploymentPostprocessing = 0;
		};
		8AC165422465937F00BBC00D /* Frameworks */ = {
			isa = PBXFrameworksBuildPhase;
			buildActionMask = 2147483647;
			files = (
				5390C27CC669D333A9003AAE /* Pods_AsyncViewController_Demo.framework in Frameworks */,
			);
			runOnlyForDeploymentPostprocessing = 0;
		};
/* End PBXFrameworksBuildPhase section */

/* Begin PBXGroup section */
		493DEEB29B895AAD0740B805 /* Frameworks */ = {
			isa = PBXGroup;
			children = (
				EBFA7714BECC832121EB7AD5 /* Pods_AsyncViewController.framework */,
				2D8C165F0517EB0949586609 /* Pods_AsyncViewController_AsyncViewControllerTests.framework */,
				6D2C2E251DB3B151B6FED0BB /* Pods_AsyncViewController_Demo.framework */,
			);
			name = Frameworks;
			sourceTree = "<group>";
		};
		8A0DCB16246B21C6005B7829 /* AsyncViewControllerTests */ = {
			isa = PBXGroup;
			children = (
				8A0DCB17246B21C6005B7829 /* AsyncViewControllerTests.swift */,
				8A4CE2BB246C76ED00179FE6 /* LoadingViewControllerTests.swift */,
				8A4CE2BD246C7E0900179FE6 /* NavigationItemOverridePolicyTests.swift */,
				8A0DCB19246B21C6005B7829 /* Info.plist */,
			);
			path = AsyncViewControllerTests;
			sourceTree = "<group>";
		};
		8AC164F22465894600BBC00D = {
			isa = PBXGroup;
			children = (
				8AC1652C2465930F00BBC00D /* AsyncViewController */,
				8A0DCB16246B21C6005B7829 /* AsyncViewControllerTests */,
				8AC1652D2465932400BBC00D /* AsyncViewController-Demo */,
				8AC164FD2465894600BBC00D /* Products */,
				F9C2D55302E50E2C77261DD3 /* Pods */,
				493DEEB29B895AAD0740B805 /* Frameworks */,
			);
			sourceTree = "<group>";
		};
		8AC164FD2465894600BBC00D /* Products */ = {
			isa = PBXGroup;
			children = (
				8AC164FC2465894600BBC00D /* AsyncViewController.framework */,
				8AC165452465937F00BBC00D /* AsyncViewController-Demo.app */,
				8A0DCB15246B21C6005B7829 /* AsyncViewControllerTests.xctest */,
			);
			name = Products;
			sourceTree = "<group>";
		};
		8AC164FE2465894600BBC00D /* Supporting Files */ = {
			isa = PBXGroup;
			children = (
				8AC164FF2465894600BBC00D /* AsyncViewController.h */,
				8AC165002465894600BBC00D /* Info.plist */,
			);
			path = "Supporting Files";
			sourceTree = "<group>";
		};
		8AC165072465898800BBC00D /* Sources */ = {
			isa = PBXGroup;
			children = (
				8AC165082465899700BBC00D /* AsyncViewController.swift */,
				8A46380E2466E6EA000B963F /* LoadingViewController.swift */,
				8A4638112466E74B000B963F /* LoadingAnimatable.swift */,
				8A61829124686025004383B3 /* NavigationItemOverridePolicy.swift */,
			);
			path = Sources;
			sourceTree = "<group>";
		};
		8AC1652C2465930F00BBC00D /* AsyncViewController */ = {
			isa = PBXGroup;
			children = (
				8AC165072465898800BBC00D /* Sources */,
				8AC164FE2465894600BBC00D /* Supporting Files */,
			);
			path = AsyncViewController;
			sourceTree = "<group>";
		};
		8AC1652D2465932400BBC00D /* AsyncViewController-Demo */ = {
			isa = PBXGroup;
			children = (
				8AC165402465932E00BBC00D /* Supporting Files */,
				8AC165342465932400BBC00D /* AppDelegate.swift */,
				8AC165372465932400BBC00D /* SceneDelegate.swift */,
				8AC165352465932400BBC00D /* MasterViewController.swift */,
				8AC165622465A91900BBC00D /* DetailViewController.swift */,
				8A46380C2466E33B000B963F /* CustomLoadingViewController.swift */,
			);
			path = "AsyncViewController-Demo";
			sourceTree = "<group>";
		};
		8AC165402465932E00BBC00D /* Supporting Files */ = {
			isa = PBXGroup;
			children = (
				8AC1652F2465932400BBC00D /* Assets.xcassets */,
				8AC165302465932400BBC00D /* LaunchScreen.storyboard */,
				8AC165322465932400BBC00D /* Main.storyboard */,
				8AC165362465932400BBC00D /* Info.plist */,
			);
			path = "Supporting Files";
			sourceTree = "<group>";
		};
		F9C2D55302E50E2C77261DD3 /* Pods */ = {
			isa = PBXGroup;
			children = (
				5C3B7AE5DCC76BEE3144EEE1 /* Pods-AsyncViewController.debug.xcconfig */,
				8877A8C4ACC7F698C19F4096 /* Pods-AsyncViewController.release.xcconfig */,
				30DC8262CDDA3C1FF414EF92 /* Pods-AsyncViewController-AsyncViewControllerTests.debug.xcconfig */,
				FA966EFB01CC3C1A25A8CD0B /* Pods-AsyncViewController-AsyncViewControllerTests.release.xcconfig */,
				FA31A37476CBF5E9D9D4347B /* Pods-AsyncViewController-Demo.debug.xcconfig */,
				C1FC9355A15EFF643F2733B6 /* Pods-AsyncViewController-Demo.release.xcconfig */,
			);
			path = Pods;
			sourceTree = "<group>";
		};
/* End PBXGroup section */

/* Begin PBXHeadersBuildPhase section */
		8AC164F72465894600BBC00D /* Headers */ = {
			isa = PBXHeadersBuildPhase;
			buildActionMask = 2147483647;
			files = (
				8AC165012465894600BBC00D /* AsyncViewController.h in Headers */,
			);
			runOnlyForDeploymentPostprocessing = 0;
		};
/* End PBXHeadersBuildPhase section */

/* Begin PBXNativeTarget section */
		8A0DCB14246B21C6005B7829 /* AsyncViewControllerTests */ = {
			isa = PBXNativeTarget;
			buildConfigurationList = 8A0DCB1D246B21C6005B7829 /* Build configuration list for PBXNativeTarget "AsyncViewControllerTests" */;
			buildPhases = (
				060D0C1B4AB3B0D446AC5954 /* [CP] Check Pods Manifest.lock */,
				8A0DCB11246B21C6005B7829 /* Sources */,
				8A0DCB12246B21C6005B7829 /* Frameworks */,
				8A0DCB13246B21C6005B7829 /* Resources */,
			);
			buildRules = (
			);
			dependencies = (
				8A0DCB1C246B21C6005B7829 /* PBXTargetDependency */,
			);
			name = AsyncViewControllerTests;
			productName = AsyncViewControllerTests;
			productReference = 8A0DCB15246B21C6005B7829 /* AsyncViewControllerTests.xctest */;
			productType = "com.apple.product-type.bundle.unit-test";
		};
		8AC164FB2465894600BBC00D /* AsyncViewController */ = {
			isa = PBXNativeTarget;
			buildConfigurationList = 8AC165042465894600BBC00D /* Build configuration list for PBXNativeTarget "AsyncViewController" */;
			buildPhases = (
				86647499C1223721EE084EC1 /* [CP] Check Pods Manifest.lock */,
				8AC164F72465894600BBC00D /* Headers */,
				8AC164F82465894600BBC00D /* Sources */,
				8AC164F92465894600BBC00D /* Frameworks */,
				8AC164FA2465894600BBC00D /* Resources */,
				8A4CE2B7246C58C600179FE6 /* SwiftLint */,
			);
			buildRules = (
			);
			dependencies = (
			);
			name = AsyncViewController;
			productName = AsyncViewController;
			productReference = 8AC164FC2465894600BBC00D /* AsyncViewController.framework */;
			productType = "com.apple.product-type.framework";
		};
		8AC165442465937F00BBC00D /* AsyncViewController-Demo */ = {
			isa = PBXNativeTarget;
			buildConfigurationList = 8AC165582465938000BBC00D /* Build configuration list for PBXNativeTarget "AsyncViewController-Demo" */;
			buildPhases = (
				AA5E8BF78DD02981B92D5877 /* [CP] Check Pods Manifest.lock */,
				8AC165412465937F00BBC00D /* Sources */,
				8AC165422465937F00BBC00D /* Frameworks */,
				8AC165432465937F00BBC00D /* Resources */,
			);
			buildRules = (
			);
			dependencies = (
			);
			name = "AsyncViewController-Demo";
			productName = "AsyncViewController-Demo";
			productReference = 8AC165452465937F00BBC00D /* AsyncViewController-Demo.app */;
			productType = "com.apple.product-type.application";
		};
/* End PBXNativeTarget section */

/* Begin PBXProject section */
		8AC164F32465894600BBC00D /* Project object */ = {
			isa = PBXProject;
			attributes = {
				LastSwiftUpdateCheck = 1140;
				LastUpgradeCheck = 1140;
				ORGANIZATIONNAME = "Lukas Würzburger";
				TargetAttributes = {
					8A0DCB14246B21C6005B7829 = {
						CreatedOnToolsVersion = 11.4.1;
					};
					8AC164FB2465894600BBC00D = {
						CreatedOnToolsVersion = 11.4.1;
						LastSwiftMigration = 1140;
					};
					8AC165442465937F00BBC00D = {
						CreatedOnToolsVersion = 11.4.1;
					};
				};
			};
			buildConfigurationList = 8AC164F62465894600BBC00D /* Build configuration list for PBXProject "AsyncViewController" */;
			compatibilityVersion = "Xcode 9.3";
			developmentRegion = en;
			hasScannedForEncodings = 0;
			knownRegions = (
				en,
				Base,
			);
			mainGroup = 8AC164F22465894600BBC00D;
			productRefGroup = 8AC164FD2465894600BBC00D /* Products */;
			projectDirPath = "";
			projectRoot = "";
			targets = (
				8AC164FB2465894600BBC00D /* AsyncViewController */,
				8A0DCB14246B21C6005B7829 /* AsyncViewControllerTests */,
				8AC165442465937F00BBC00D /* AsyncViewController-Demo */,
			);
		};
/* End PBXProject section */

/* Begin PBXResourcesBuildPhase section */
		8A0DCB13246B21C6005B7829 /* Resources */ = {
			isa = PBXResourcesBuildPhase;
			buildActionMask = 2147483647;
			files = (
			);
			runOnlyForDeploymentPostprocessing = 0;
		};
		8AC164FA2465894600BBC00D /* Resources */ = {
			isa = PBXResourcesBuildPhase;
			buildActionMask = 2147483647;
			files = (
			);
			runOnlyForDeploymentPostprocessing = 0;
		};
		8AC165432465937F00BBC00D /* Resources */ = {
			isa = PBXResourcesBuildPhase;
			buildActionMask = 2147483647;
			files = (
				8AC165612465958500BBC00D /* Main.storyboard in Resources */,
				8AC1655F2465958200BBC00D /* Assets.xcassets in Resources */,
				8AC165602465958500BBC00D /* LaunchScreen.storyboard in Resources */,
			);
			runOnlyForDeploymentPostprocessing = 0;
		};
/* End PBXResourcesBuildPhase section */

/* Begin PBXShellScriptBuildPhase section */
		060D0C1B4AB3B0D446AC5954 /* [CP] Check Pods Manifest.lock */ = {
			isa = PBXShellScriptBuildPhase;
			buildActionMask = 2147483647;
			files = (
			);
			inputFileListPaths = (
			);
			inputPaths = (
				"${PODS_PODFILE_DIR_PATH}/Podfile.lock",
				"${PODS_ROOT}/Manifest.lock",
			);
			name = "[CP] Check Pods Manifest.lock";
			outputFileListPaths = (
			);
			outputPaths = (
				"$(DERIVED_FILE_DIR)/Pods-AsyncViewController-AsyncViewControllerTests-checkManifestLockResult.txt",
			);
			runOnlyForDeploymentPostprocessing = 0;
			shellPath = /bin/sh;
			shellScript = "diff \"${PODS_PODFILE_DIR_PATH}/Podfile.lock\" \"${PODS_ROOT}/Manifest.lock\" > /dev/null\nif [ $? != 0 ] ; then\n    # print error to STDERR\n    echo \"error: The sandbox is not in sync with the Podfile.lock. Run 'pod install' or update your CocoaPods installation.\" >&2\n    exit 1\nfi\n# This output is used by Xcode 'outputs' to avoid re-running this script phase.\necho \"SUCCESS\" > \"${SCRIPT_OUTPUT_FILE_0}\"\n";
			showEnvVarsInLog = 0;
		};
		86647499C1223721EE084EC1 /* [CP] Check Pods Manifest.lock */ = {
			isa = PBXShellScriptBuildPhase;
			buildActionMask = 2147483647;
			files = (
			);
			inputFileListPaths = (
			);
			inputPaths = (
				"${PODS_PODFILE_DIR_PATH}/Podfile.lock",
				"${PODS_ROOT}/Manifest.lock",
			);
			name = "[CP] Check Pods Manifest.lock";
			outputFileListPaths = (
			);
			outputPaths = (
				"$(DERIVED_FILE_DIR)/Pods-AsyncViewController-checkManifestLockResult.txt",
			);
			runOnlyForDeploymentPostprocessing = 0;
			shellPath = /bin/sh;
			shellScript = "diff \"${PODS_PODFILE_DIR_PATH}/Podfile.lock\" \"${PODS_ROOT}/Manifest.lock\" > /dev/null\nif [ $? != 0 ] ; then\n    # print error to STDERR\n    echo \"error: The sandbox is not in sync with the Podfile.lock. Run 'pod install' or update your CocoaPods installation.\" >&2\n    exit 1\nfi\n# This output is used by Xcode 'outputs' to avoid re-running this script phase.\necho \"SUCCESS\" > \"${SCRIPT_OUTPUT_FILE_0}\"\n";
			showEnvVarsInLog = 0;
		};
		8A4CE2B7246C58C600179FE6 /* SwiftLint */ = {
			isa = PBXShellScriptBuildPhase;
			buildActionMask = 2147483647;
			files = (
			);
			inputFileListPaths = (
			);
			inputPaths = (
			);
			name = SwiftLint;
			outputFileListPaths = (
			);
			outputPaths = (
			);
			runOnlyForDeploymentPostprocessing = 0;
			shellPath = /bin/sh;
			shellScript = "\"${PODS_ROOT}/SwiftLint/swiftlint\"\n";
		};
		AA5E8BF78DD02981B92D5877 /* [CP] Check Pods Manifest.lock */ = {
			isa = PBXShellScriptBuildPhase;
			buildActionMask = 2147483647;
			files = (
			);
			inputFileListPaths = (
			);
			inputPaths = (
				"${PODS_PODFILE_DIR_PATH}/Podfile.lock",
				"${PODS_ROOT}/Manifest.lock",
			);
			name = "[CP] Check Pods Manifest.lock";
			outputFileListPaths = (
			);
			outputPaths = (
				"$(DERIVED_FILE_DIR)/Pods-AsyncViewController-Demo-checkManifestLockResult.txt",
			);
			runOnlyForDeploymentPostprocessing = 0;
			shellPath = /bin/sh;
			shellScript = "diff \"${PODS_PODFILE_DIR_PATH}/Podfile.lock\" \"${PODS_ROOT}/Manifest.lock\" > /dev/null\nif [ $? != 0 ] ; then\n    # print error to STDERR\n    echo \"error: The sandbox is not in sync with the Podfile.lock. Run 'pod install' or update your CocoaPods installation.\" >&2\n    exit 1\nfi\n# This output is used by Xcode 'outputs' to avoid re-running this script phase.\necho \"SUCCESS\" > \"${SCRIPT_OUTPUT_FILE_0}\"\n";
			showEnvVarsInLog = 0;
		};
/* End PBXShellScriptBuildPhase section */

/* Begin PBXSourcesBuildPhase section */
		8A0DCB11246B21C6005B7829 /* Sources */ = {
			isa = PBXSourcesBuildPhase;
			buildActionMask = 2147483647;
			files = (
				8A4CE2BC246C76ED00179FE6 /* LoadingViewControllerTests.swift in Sources */,
				8A4CE2BE246C7E0900179FE6 /* NavigationItemOverridePolicyTests.swift in Sources */,
				8A0DCB18246B21C6005B7829 /* AsyncViewControllerTests.swift in Sources */,
			);
			runOnlyForDeploymentPostprocessing = 0;
		};
		8AC164F82465894600BBC00D /* Sources */ = {
			isa = PBXSourcesBuildPhase;
			buildActionMask = 2147483647;
			files = (
				8A61829224686025004383B3 /* NavigationItemOverridePolicy.swift in Sources */,
				8A4638122466E74B000B963F /* LoadingAnimatable.swift in Sources */,
				8AC165092465899700BBC00D /* AsyncViewController.swift in Sources */,
				8A46380F2466E6EA000B963F /* LoadingViewController.swift in Sources */,
			);
			runOnlyForDeploymentPostprocessing = 0;
		};
		8AC165412465937F00BBC00D /* Sources */ = {
			isa = PBXSourcesBuildPhase;
			buildActionMask = 2147483647;
			files = (
				8A4638102466E71B000B963F /* LoadingViewController.swift in Sources */,
				8AC1655E2465957C00BBC00D /* MasterViewController.swift in Sources */,
				8AC1655C2465957C00BBC00D /* AppDelegate.swift in Sources */,
				8A46380D2466E33B000B963F /* CustomLoadingViewController.swift in Sources */,
				8AC165632465A91900BBC00D /* DetailViewController.swift in Sources */,
				8AC1655B2465957600BBC00D /* AsyncViewController.swift in Sources */,
				8A4638132466E7DA000B963F /* LoadingAnimatable.swift in Sources */,
				8A61829624686073004383B3 /* NavigationItemOverridePolicy.swift in Sources */,
				8AC1655D2465957C00BBC00D /* SceneDelegate.swift in Sources */,
			);
			runOnlyForDeploymentPostprocessing = 0;
		};
/* End PBXSourcesBuildPhase section */

/* Begin PBXTargetDependency section */
		8A0DCB1C246B21C6005B7829 /* PBXTargetDependency */ = {
			isa = PBXTargetDependency;
			target = 8AC164FB2465894600BBC00D /* AsyncViewController */;
			targetProxy = 8A0DCB1B246B21C6005B7829 /* PBXContainerItemProxy */;
		};
/* End PBXTargetDependency section */

/* Begin PBXVariantGroup section */
		8AC165302465932400BBC00D /* LaunchScreen.storyboard */ = {
			isa = PBXVariantGroup;
			children = (
				8AC165312465932400BBC00D /* Base */,
			);
			name = LaunchScreen.storyboard;
			sourceTree = "<group>";
		};
		8AC165322465932400BBC00D /* Main.storyboard */ = {
			isa = PBXVariantGroup;
			children = (
				8AC165332465932400BBC00D /* Base */,
			);
			name = Main.storyboard;
			sourceTree = "<group>";
		};
/* End PBXVariantGroup section */

/* Begin XCBuildConfiguration section */
		8A0DCB1E246B21C6005B7829 /* Debug */ = {
			isa = XCBuildConfiguration;
			baseConfigurationReference = 30DC8262CDDA3C1FF414EF92 /* Pods-AsyncViewController-AsyncViewControllerTests.debug.xcconfig */;
			buildSettings = {
				CODE_SIGN_STYLE = Automatic;
				DEVELOPMENT_TEAM = UE4U5XA7R9;
				INFOPLIST_FILE = AsyncViewControllerTests/Info.plist;
				LD_RUNPATH_SEARCH_PATHS = (
					"$(inherited)",
					"@executable_path/Frameworks",
					"@loader_path/Frameworks",
				);
				PRODUCT_BUNDLE_IDENTIFIER = de.lukaswuerzburger.AsyncViewControllerTests;
				PRODUCT_NAME = "$(TARGET_NAME)";
				TARGETED_DEVICE_FAMILY = "1,2";
			};
			name = Debug;
		};
		8A0DCB1F246B21C6005B7829 /* Release */ = {
			isa = XCBuildConfiguration;
			baseConfigurationReference = FA966EFB01CC3C1A25A8CD0B /* Pods-AsyncViewController-AsyncViewControllerTests.release.xcconfig */;
			buildSettings = {
				CODE_SIGN_STYLE = Automatic;
				DEVELOPMENT_TEAM = UE4U5XA7R9;
				INFOPLIST_FILE = AsyncViewControllerTests/Info.plist;
				LD_RUNPATH_SEARCH_PATHS = (
					"$(inherited)",
					"@executable_path/Frameworks",
					"@loader_path/Frameworks",
				);
				PRODUCT_BUNDLE_IDENTIFIER = de.lukaswuerzburger.AsyncViewControllerTests;
				PRODUCT_NAME = "$(TARGET_NAME)";
				TARGETED_DEVICE_FAMILY = "1,2";
			};
			name = Release;
		};
		8AC165022465894600BBC00D /* Debug */ = {
			isa = XCBuildConfiguration;
			buildSettings = {
				ALWAYS_SEARCH_USER_PATHS = NO;
				CLANG_ANALYZER_NONNULL = YES;
				CLANG_ANALYZER_NUMBER_OBJECT_CONVERSION = YES_AGGRESSIVE;
				CLANG_CXX_LANGUAGE_STANDARD = "gnu++14";
				CLANG_CXX_LIBRARY = "libc++";
				CLANG_ENABLE_MODULES = YES;
				CLANG_ENABLE_OBJC_ARC = YES;
				CLANG_ENABLE_OBJC_WEAK = YES;
				CLANG_WARN_BLOCK_CAPTURE_AUTORELEASING = YES;
				CLANG_WARN_BOOL_CONVERSION = YES;
				CLANG_WARN_COMMA = YES;
				CLANG_WARN_CONSTANT_CONVERSION = YES;
				CLANG_WARN_DEPRECATED_OBJC_IMPLEMENTATIONS = YES;
				CLANG_WARN_DIRECT_OBJC_ISA_USAGE = YES_ERROR;
				CLANG_WARN_DOCUMENTATION_COMMENTS = YES;
				CLANG_WARN_EMPTY_BODY = YES;
				CLANG_WARN_ENUM_CONVERSION = YES;
				CLANG_WARN_INFINITE_RECURSION = YES;
				CLANG_WARN_INT_CONVERSION = YES;
				CLANG_WARN_NON_LITERAL_NULL_CONVERSION = YES;
				CLANG_WARN_OBJC_IMPLICIT_RETAIN_SELF = YES;
				CLANG_WARN_OBJC_LITERAL_CONVERSION = YES;
				CLANG_WARN_OBJC_ROOT_CLASS = YES_ERROR;
				CLANG_WARN_RANGE_LOOP_ANALYSIS = YES;
				CLANG_WARN_STRICT_PROTOTYPES = YES;
				CLANG_WARN_SUSPICIOUS_MOVE = YES;
				CLANG_WARN_UNGUARDED_AVAILABILITY = YES_AGGRESSIVE;
				CLANG_WARN_UNREACHABLE_CODE = YES;
				CLANG_WARN__DUPLICATE_METHOD_MATCH = YES;
				COPY_PHASE_STRIP = NO;
				CURRENT_PROJECT_VERSION = 3;
				DEBUG_INFORMATION_FORMAT = dwarf;
				ENABLE_STRICT_OBJC_MSGSEND = YES;
				ENABLE_TESTABILITY = YES;
				GCC_C_LANGUAGE_STANDARD = gnu11;
				GCC_DYNAMIC_NO_PIC = NO;
				GCC_NO_COMMON_BLOCKS = YES;
				GCC_OPTIMIZATION_LEVEL = 0;
				GCC_PREPROCESSOR_DEFINITIONS = (
					"DEBUG=1",
					"$(inherited)",
				);
				GCC_WARN_64_TO_32_BIT_CONVERSION = YES;
				GCC_WARN_ABOUT_RETURN_TYPE = YES_ERROR;
				GCC_WARN_UNDECLARED_SELECTOR = YES;
				GCC_WARN_UNINITIALIZED_AUTOS = YES_AGGRESSIVE;
				GCC_WARN_UNUSED_FUNCTION = YES;
				GCC_WARN_UNUSED_VARIABLE = YES;
				IPHONEOS_DEPLOYMENT_TARGET = 9.0;
				MTL_ENABLE_DEBUG_INFO = INCLUDE_SOURCE;
				MTL_FAST_MATH = YES;
				ONLY_ACTIVE_ARCH = YES;
				SDKROOT = iphoneos;
				SWIFT_ACTIVE_COMPILATION_CONDITIONS = DEBUG;
				SWIFT_OPTIMIZATION_LEVEL = "-Onone";
				SWIFT_VERSION = 5.0;
				VERSIONING_SYSTEM = "apple-generic";
				VERSION_INFO_PREFIX = "";
			};
			name = Debug;
		};
		8AC165032465894600BBC00D /* Release */ = {
			isa = XCBuildConfiguration;
			buildSettings = {
				ALWAYS_SEARCH_USER_PATHS = NO;
				CLANG_ANALYZER_NONNULL = YES;
				CLANG_ANALYZER_NUMBER_OBJECT_CONVERSION = YES_AGGRESSIVE;
				CLANG_CXX_LANGUAGE_STANDARD = "gnu++14";
				CLANG_CXX_LIBRARY = "libc++";
				CLANG_ENABLE_MODULES = YES;
				CLANG_ENABLE_OBJC_ARC = YES;
				CLANG_ENABLE_OBJC_WEAK = YES;
				CLANG_WARN_BLOCK_CAPTURE_AUTORELEASING = YES;
				CLANG_WARN_BOOL_CONVERSION = YES;
				CLANG_WARN_COMMA = YES;
				CLANG_WARN_CONSTANT_CONVERSION = YES;
				CLANG_WARN_DEPRECATED_OBJC_IMPLEMENTATIONS = YES;
				CLANG_WARN_DIRECT_OBJC_ISA_USAGE = YES_ERROR;
				CLANG_WARN_DOCUMENTATION_COMMENTS = YES;
				CLANG_WARN_EMPTY_BODY = YES;
				CLANG_WARN_ENUM_CONVERSION = YES;
				CLANG_WARN_INFINITE_RECURSION = YES;
				CLANG_WARN_INT_CONVERSION = YES;
				CLANG_WARN_NON_LITERAL_NULL_CONVERSION = YES;
				CLANG_WARN_OBJC_IMPLICIT_RETAIN_SELF = YES;
				CLANG_WARN_OBJC_LITERAL_CONVERSION = YES;
				CLANG_WARN_OBJC_ROOT_CLASS = YES_ERROR;
				CLANG_WARN_RANGE_LOOP_ANALYSIS = YES;
				CLANG_WARN_STRICT_PROTOTYPES = YES;
				CLANG_WARN_SUSPICIOUS_MOVE = YES;
				CLANG_WARN_UNGUARDED_AVAILABILITY = YES_AGGRESSIVE;
				CLANG_WARN_UNREACHABLE_CODE = YES;
				CLANG_WARN__DUPLICATE_METHOD_MATCH = YES;
				COPY_PHASE_STRIP = NO;
				CURRENT_PROJECT_VERSION = 3;
				DEBUG_INFORMATION_FORMAT = "dwarf-with-dsym";
				ENABLE_NS_ASSERTIONS = NO;
				ENABLE_STRICT_OBJC_MSGSEND = YES;
				GCC_C_LANGUAGE_STANDARD = gnu11;
				GCC_NO_COMMON_BLOCKS = YES;
				GCC_WARN_64_TO_32_BIT_CONVERSION = YES;
				GCC_WARN_ABOUT_RETURN_TYPE = YES_ERROR;
				GCC_WARN_UNDECLARED_SELECTOR = YES;
				GCC_WARN_UNINITIALIZED_AUTOS = YES_AGGRESSIVE;
				GCC_WARN_UNUSED_FUNCTION = YES;
				GCC_WARN_UNUSED_VARIABLE = YES;
				IPHONEOS_DEPLOYMENT_TARGET = 9.0;
				MTL_ENABLE_DEBUG_INFO = NO;
				MTL_FAST_MATH = YES;
				SDKROOT = iphoneos;
				SWIFT_COMPILATION_MODE = wholemodule;
				SWIFT_OPTIMIZATION_LEVEL = "-O";
				SWIFT_VERSION = 5.0;
				VALIDATE_PRODUCT = YES;
				VERSIONING_SYSTEM = "apple-generic";
				VERSION_INFO_PREFIX = "";
			};
			name = Release;
		};
		8AC165052465894600BBC00D /* Debug */ = {
			isa = XCBuildConfiguration;
			baseConfigurationReference = 5C3B7AE5DCC76BEE3144EEE1 /* Pods-AsyncViewController.debug.xcconfig */;
			buildSettings = {
				CLANG_ENABLE_MODULES = YES;
				CODE_SIGN_STYLE = Automatic;
				CURRENT_PROJECT_VERSION = 4;
				DEFINES_MODULE = YES;
				DEVELOPMENT_TEAM = UE4U5XA7R9;
				DYLIB_INSTALL_NAME_BASE = "@rpath";
				INFOPLIST_FILE = "AsyncViewController/Supporting Files/Info.plist";
				INSTALL_PATH = "$(LOCAL_LIBRARY_DIR)/Frameworks";
				LD_RUNPATH_SEARCH_PATHS = (
					"$(inherited)",
					"@executable_path/Frameworks",
					"@loader_path/Frameworks",
				);
				MARKETING_VERSION = 2.1.1;
				PRODUCT_BUNDLE_IDENTIFIER = de.lukaswuerzburger.AsyncViewController;
				PRODUCT_NAME = "$(TARGET_NAME:c99extidentifier)";
				SKIP_INSTALL = YES;
				SWIFT_OPTIMIZATION_LEVEL = "-Onone";
				TARGETED_DEVICE_FAMILY = "1,2";
			};
			name = Debug;
		};
		8AC165062465894600BBC00D /* Release */ = {
			isa = XCBuildConfiguration;
			baseConfigurationReference = 8877A8C4ACC7F698C19F4096 /* Pods-AsyncViewController.release.xcconfig */;
			buildSettings = {
				CLANG_ENABLE_MODULES = YES;
				CODE_SIGN_STYLE = Automatic;
				CURRENT_PROJECT_VERSION = 4;
				DEFINES_MODULE = YES;
				DEVELOPMENT_TEAM = UE4U5XA7R9;
				DYLIB_INSTALL_NAME_BASE = "@rpath";
				INFOPLIST_FILE = "AsyncViewController/Supporting Files/Info.plist";
				INSTALL_PATH = "$(LOCAL_LIBRARY_DIR)/Frameworks";
				LD_RUNPATH_SEARCH_PATHS = (
					"$(inherited)",
					"@executable_path/Frameworks",
					"@loader_path/Frameworks",
				);
				MARKETING_VERSION = 2.1.1;
				PRODUCT_BUNDLE_IDENTIFIER = de.lukaswuerzburger.AsyncViewController;
				PRODUCT_NAME = "$(TARGET_NAME:c99extidentifier)";
				SKIP_INSTALL = YES;
				TARGETED_DEVICE_FAMILY = "1,2";
			};
			name = Release;
		};
		8AC165592465938000BBC00D /* Debug */ = {
			isa = XCBuildConfiguration;
			baseConfigurationReference = FA31A37476CBF5E9D9D4347B /* Pods-AsyncViewController-Demo.debug.xcconfig */;
			buildSettings = {
				ASSETCATALOG_COMPILER_APPICON_NAME = AppIcon;
				CODE_SIGN_STYLE = Automatic;
				DEVELOPMENT_TEAM = UE4U5XA7R9;
				INFOPLIST_FILE = "AsyncViewController-Demo/Supporting Files/Info.plist";
				LD_RUNPATH_SEARCH_PATHS = (
					"$(inherited)",
					"@executable_path/Frameworks",
				);
				PRODUCT_BUNDLE_IDENTIFIER = "de.lukaswuerzburger.AsyncViewController-Demo";
				PRODUCT_NAME = "$(TARGET_NAME)";
				TARGETED_DEVICE_FAMILY = "1,2";
			};
			name = Debug;
		};
		8AC1655A2465938000BBC00D /* Release */ = {
			isa = XCBuildConfiguration;
			baseConfigurationReference = C1FC9355A15EFF643F2733B6 /* Pods-AsyncViewController-Demo.release.xcconfig */;
			buildSettings = {
				ASSETCATALOG_COMPILER_APPICON_NAME = AppIcon;
				CODE_SIGN_STYLE = Automatic;
				DEVELOPMENT_TEAM = UE4U5XA7R9;
				INFOPLIST_FILE = "AsyncViewController-Demo/Supporting Files/Info.plist";
				LD_RUNPATH_SEARCH_PATHS = (
					"$(inherited)",
					"@executable_path/Frameworks",
				);
				PRODUCT_BUNDLE_IDENTIFIER = "de.lukaswuerzburger.AsyncViewController-Demo";
				PRODUCT_NAME = "$(TARGET_NAME)";
				TARGETED_DEVICE_FAMILY = "1,2";
			};
			name = Release;
		};
/* End XCBuildConfiguration section */

/* Begin XCConfigurationList section */
		8A0DCB1D246B21C6005B7829 /* Build configuration list for PBXNativeTarget "AsyncViewControllerTests" */ = {
			isa = XCConfigurationList;
			buildConfigurations = (
				8A0DCB1E246B21C6005B7829 /* Debug */,
				8A0DCB1F246B21C6005B7829 /* Release */,
			);
			defaultConfigurationIsVisible = 0;
			defaultConfigurationName = Release;
		};
		8AC164F62465894600BBC00D /* Build configuration list for PBXProject "AsyncViewController" */ = {
			isa = XCConfigurationList;
			buildConfigurations = (
				8AC165022465894600BBC00D /* Debug */,
				8AC165032465894600BBC00D /* Release */,
			);
			defaultConfigurationIsVisible = 0;
			defaultConfigurationName = Release;
		};
		8AC165042465894600BBC00D /* Build configuration list for PBXNativeTarget "AsyncViewController" */ = {
			isa = XCConfigurationList;
			buildConfigurations = (
				8AC165052465894600BBC00D /* Debug */,
				8AC165062465894600BBC00D /* Release */,
			);
			defaultConfigurationIsVisible = 0;
			defaultConfigurationName = Release;
		};
		8AC165582465938000BBC00D /* Build configuration list for PBXNativeTarget "AsyncViewController-Demo" */ = {
			isa = XCConfigurationList;
			buildConfigurations = (
				8AC165592465938000BBC00D /* Debug */,
				8AC1655A2465938000BBC00D /* Release */,
			);
			defaultConfigurationIsVisible = 0;
			defaultConfigurationName = Release;
		};
/* End XCConfigurationList section */
	};
	rootObject = 8AC164F32465894600BBC00D /* Project object */;
}
