// !$*UTF8*$!
{
	archiveVersion = 1;
	classes = {
	};
	objectVersion = 50;
	objects = {

/* Begin PBXBuildFile section */
		1196664C27D0CDD6001FEEF8 /* AsyncViewControllerTests.swift in Sources */ = {isa = PBXBuildFile; fileRef = 1196664B27D0CDD5001FEEF8 /* AsyncViewControllerTests.swift */; };
		1196664F27D0D45C001FEEF8 /* MockAsyncResultViewController.swift in Sources */ = {isa = PBXBuildFile; fileRef = 1196664E27D0D45C001FEEF8 /* MockAsyncResultViewController.swift */; };
		1196665227D0D48D001FEEF8 /* FakeError.swift in Sources */ = {isa = PBXBuildFile; fileRef = 1196665127D0D48D001FEEF8 /* FakeError.swift */; };
		1196665427D0D572001FEEF8 /* MockAsyncViewController.swift in Sources */ = {isa = PBXBuildFile; fileRef = 1196665327D0D572001FEEF8 /* MockAsyncViewController.swift */; };
		803E0972281565ED00A79A5B /* TaskFactory.swift in Sources */ = {isa = PBXBuildFile; fileRef = 803E0971281565ED00A79A5B /* TaskFactory.swift */; };
		803E0974281567F000A79A5B /* DispatchQueue.swift in Sources */ = {isa = PBXBuildFile; fileRef = 803E0973281567F000A79A5B /* DispatchQueue.swift */; };
		85FB71CAF40B0E442046D72E /* Pods_AsyncViewKitDemo.framework in Frameworks */ = {isa = PBXBuildFile; fileRef = 365668AB78B5369258B323A1 /* Pods_AsyncViewKitDemo.framework */; };
		8A0DCB18246B21C6005B7829 /* AsyncResultViewControllerTests.swift in Sources */ = {isa = PBXBuildFile; fileRef = 8A0DCB17246B21C6005B7829 /* AsyncResultViewControllerTests.swift */; };
		8A0DCB1A246B21C6005B7829 /* AsyncViewKit.framework in Frameworks */ = {isa = PBXBuildFile; fileRef = 8AC164FC2465894600BBC00D /* AsyncViewKit.framework */; };
		8A46380D2466E33B000B963F /* CustomLoadingViewController.swift in Sources */ = {isa = PBXBuildFile; fileRef = 8A46380C2466E33B000B963F /* CustomLoadingViewController.swift */; };
		8A46380F2466E6EA000B963F /* LoadingViewController.swift in Sources */ = {isa = PBXBuildFile; fileRef = 8A46380E2466E6EA000B963F /* LoadingViewController.swift */; };
		8A4638122466E74B000B963F /* LoadingAnimatable.swift in Sources */ = {isa = PBXBuildFile; fileRef = 8A4638112466E74B000B963F /* LoadingAnimatable.swift */; };
		8A4CE2BC246C76ED00179FE6 /* LoadingViewControllerTests.swift in Sources */ = {isa = PBXBuildFile; fileRef = 8A4CE2BB246C76ED00179FE6 /* LoadingViewControllerTests.swift */; };
		8A4CE2BE246C7E0900179FE6 /* NavigationItemOverridePolicyTests.swift in Sources */ = {isa = PBXBuildFile; fileRef = 8A4CE2BD246C7E0900179FE6 /* NavigationItemOverridePolicyTests.swift */; };
		8A5C12222483D223003544D1 /* AsyncViewController.swift in Sources */ = {isa = PBXBuildFile; fileRef = 8A5C12212483D223003544D1 /* AsyncViewController.swift */; };
		8A5C12242483DB33003544D1 /* AsyncViewKit.framework in Frameworks */ = {isa = PBXBuildFile; fileRef = 8AC164FC2465894600BBC00D /* AsyncViewKit.framework */; };
		8A5C12252483DB33003544D1 /* AsyncViewKit.framework in Embed Frameworks */ = {isa = PBXBuildFile; fileRef = 8AC164FC2465894600BBC00D /* AsyncViewKit.framework */; settings = {ATTRIBUTES = (RemoveHeadersOnCopy, ); }; };
		8A61829224686025004383B3 /* NavigationItemOverridePolicy.swift in Sources */ = {isa = PBXBuildFile; fileRef = 8A61829124686025004383B3 /* NavigationItemOverridePolicy.swift */; };
		8AC165012465894600BBC00D /* AsyncViewController.h in Headers */ = {isa = PBXBuildFile; fileRef = 8AC164FF2465894600BBC00D /* AsyncViewController.h */; settings = {ATTRIBUTES = (Public, ); }; };
		8AC165092465899700BBC00D /* AsyncResultViewController.swift in Sources */ = {isa = PBXBuildFile; fileRef = 8AC165082465899700BBC00D /* AsyncResultViewController.swift */; };
		8AC1655C2465957C00BBC00D /* AppDelegate.swift in Sources */ = {isa = PBXBuildFile; fileRef = 8AC165342465932400BBC00D /* AppDelegate.swift */; };
		8AC1655D2465957C00BBC00D /* SceneDelegate.swift in Sources */ = {isa = PBXBuildFile; fileRef = 8AC165372465932400BBC00D /* SceneDelegate.swift */; };
		8AC1655E2465957C00BBC00D /* MainViewController.swift in Sources */ = {isa = PBXBuildFile; fileRef = 8AC165352465932400BBC00D /* MainViewController.swift */; };
		8AC1655F2465958200BBC00D /* Assets.xcassets in Resources */ = {isa = PBXBuildFile; fileRef = 8AC1652F2465932400BBC00D /* Assets.xcassets */; };
		8AC165602465958500BBC00D /* LaunchScreen.storyboard in Resources */ = {isa = PBXBuildFile; fileRef = 8AC165302465932400BBC00D /* LaunchScreen.storyboard */; };
		8AC165612465958500BBC00D /* Main.storyboard in Resources */ = {isa = PBXBuildFile; fileRef = 8AC165322465932400BBC00D /* Main.storyboard */; };
		8AC165632465A91900BBC00D /* DetailViewController.swift in Sources */ = {isa = PBXBuildFile; fileRef = 8AC165622465A91900BBC00D /* DetailViewController.swift */; };
		BD716753DAAA00FB4E40F846 /* Pods_AsyncViewKit_AsyncViewKitTests.framework in Frameworks */ = {isa = PBXBuildFile; fileRef = 2DA507634FE7BF6A12DE00CC /* Pods_AsyncViewKit_AsyncViewKitTests.framework */; };
		CD8864B947A5559EAAF53CED /* Pods_AsyncViewKit.framework in Frameworks */ = {isa = PBXBuildFile; fileRef = 9D26646DB0928D0F57D1814C /* Pods_AsyncViewKit.framework */; };
/* End PBXBuildFile section */

/* Begin PBXContainerItemProxy section */
		8A0DCB1B246B21C6005B7829 /* PBXContainerItemProxy */ = {
			isa = PBXContainerItemProxy;
			containerPortal = 8AC164F32465894600BBC00D /* Project object */;
			proxyType = 1;
			remoteGlobalIDString = 8AC164FB2465894600BBC00D;
			remoteInfo = AsyncViewController;
		};
		8A5C12262483DB33003544D1 /* PBXContainerItemProxy */ = {
			isa = PBXContainerItemProxy;
			containerPortal = 8AC164F32465894600BBC00D /* Project object */;
			proxyType = 1;
			remoteGlobalIDString = 8AC164FB2465894600BBC00D;
			remoteInfo = AsyncViewController;
		};
/* End PBXContainerItemProxy section */

/* Begin PBXCopyFilesBuildPhase section */
		8A5C12282483DB33003544D1 /* Embed Frameworks */ = {
			isa = PBXCopyFilesBuildPhase;
			buildActionMask = 2147483647;
			dstPath = "";
			dstSubfolderSpec = 10;
			files = (
				8A5C12252483DB33003544D1 /* AsyncViewKit.framework in Embed Frameworks */,
			);
			name = "Embed Frameworks";
			runOnlyForDeploymentPostprocessing = 0;
		};
/* End PBXCopyFilesBuildPhase section */

/* Begin PBXFileReference section */
		1196664B27D0CDD5001FEEF8 /* AsyncViewControllerTests.swift */ = {isa = PBXFileReference; lastKnownFileType = sourcecode.swift; path = AsyncViewControllerTests.swift; sourceTree = "<group>"; };
		1196664E27D0D45C001FEEF8 /* MockAsyncResultViewController.swift */ = {isa = PBXFileReference; lastKnownFileType = sourcecode.swift; path = MockAsyncResultViewController.swift; sourceTree = "<group>"; };
		1196665127D0D48D001FEEF8 /* FakeError.swift */ = {isa = PBXFileReference; lastKnownFileType = sourcecode.swift; path = FakeError.swift; sourceTree = "<group>"; };
		1196665327D0D572001FEEF8 /* MockAsyncViewController.swift */ = {isa = PBXFileReference; lastKnownFileType = sourcecode.swift; path = MockAsyncViewController.swift; sourceTree = "<group>"; };
		2DA507634FE7BF6A12DE00CC /* Pods_AsyncViewKit_AsyncViewKitTests.framework */ = {isa = PBXFileReference; explicitFileType = wrapper.framework; includeInIndex = 0; path = Pods_AsyncViewKit_AsyncViewKitTests.framework; sourceTree = BUILT_PRODUCTS_DIR; };
		30DC8262CDDA3C1FF414EF92 /* Pods-AsyncViewController-AsyncViewControllerTests.debug.xcconfig */ = {isa = PBXFileReference; includeInIndex = 1; lastKnownFileType = text.xcconfig; name = "Pods-AsyncViewController-AsyncViewControllerTests.debug.xcconfig"; path = "Target Support Files/Pods-AsyncViewController-AsyncViewControllerTests/Pods-AsyncViewController-AsyncViewControllerTests.debug.xcconfig"; sourceTree = "<group>"; };
		365668AB78B5369258B323A1 /* Pods_AsyncViewKitDemo.framework */ = {isa = PBXFileReference; explicitFileType = wrapper.framework; includeInIndex = 0; path = Pods_AsyncViewKitDemo.framework; sourceTree = BUILT_PRODUCTS_DIR; };
		5C3B7AE5DCC76BEE3144EEE1 /* Pods-AsyncViewController.debug.xcconfig */ = {isa = PBXFileReference; includeInIndex = 1; lastKnownFileType = text.xcconfig; name = "Pods-AsyncViewController.debug.xcconfig"; path = "Target Support Files/Pods-AsyncViewController/Pods-AsyncViewController.debug.xcconfig"; sourceTree = "<group>"; };
		7B3BEFE6FBF5F4CD89924B06 /* Pods-AsyncViewKitDemo.release.xcconfig */ = {isa = PBXFileReference; includeInIndex = 1; lastKnownFileType = text.xcconfig; name = "Pods-AsyncViewKitDemo.release.xcconfig"; path = "Target Support Files/Pods-AsyncViewKitDemo/Pods-AsyncViewKitDemo.release.xcconfig"; sourceTree = "<group>"; };
		803E0971281565ED00A79A5B /* TaskFactory.swift */ = {isa = PBXFileReference; lastKnownFileType = sourcecode.swift; path = TaskFactory.swift; sourceTree = "<group>"; };
		803E0973281567F000A79A5B /* DispatchQueue.swift */ = {isa = PBXFileReference; lastKnownFileType = sourcecode.swift; path = DispatchQueue.swift; sourceTree = "<group>"; };
		8504692A682E7F1081E96136 /* Pods-AsyncViewKit.release.xcconfig */ = {isa = PBXFileReference; includeInIndex = 1; lastKnownFileType = text.xcconfig; name = "Pods-AsyncViewKit.release.xcconfig"; path = "Target Support Files/Pods-AsyncViewKit/Pods-AsyncViewKit.release.xcconfig"; sourceTree = "<group>"; };
		8877A8C4ACC7F698C19F4096 /* Pods-AsyncViewController.release.xcconfig */ = {isa = PBXFileReference; includeInIndex = 1; lastKnownFileType = text.xcconfig; name = "Pods-AsyncViewController.release.xcconfig"; path = "Target Support Files/Pods-AsyncViewController/Pods-AsyncViewController.release.xcconfig"; sourceTree = "<group>"; };
		8A0DCB15246B21C6005B7829 /* AsyncViewKitTests.xctest */ = {isa = PBXFileReference; explicitFileType = wrapper.cfbundle; includeInIndex = 0; path = AsyncViewKitTests.xctest; sourceTree = BUILT_PRODUCTS_DIR; };
		8A0DCB17246B21C6005B7829 /* AsyncResultViewControllerTests.swift */ = {isa = PBXFileReference; lastKnownFileType = sourcecode.swift; path = AsyncResultViewControllerTests.swift; sourceTree = "<group>"; };
		8A0DCB19246B21C6005B7829 /* Info.plist */ = {isa = PBXFileReference; lastKnownFileType = text.plist.xml; path = Info.plist; sourceTree = "<group>"; };
		8A46380C2466E33B000B963F /* CustomLoadingViewController.swift */ = {isa = PBXFileReference; lastKnownFileType = sourcecode.swift; path = CustomLoadingViewController.swift; sourceTree = "<group>"; };
		8A46380E2466E6EA000B963F /* LoadingViewController.swift */ = {isa = PBXFileReference; lastKnownFileType = sourcecode.swift; path = LoadingViewController.swift; sourceTree = "<group>"; };
		8A4638112466E74B000B963F /* LoadingAnimatable.swift */ = {isa = PBXFileReference; lastKnownFileType = sourcecode.swift; path = LoadingAnimatable.swift; sourceTree = "<group>"; };
		8A4CE2BB246C76ED00179FE6 /* LoadingViewControllerTests.swift */ = {isa = PBXFileReference; lastKnownFileType = sourcecode.swift; path = LoadingViewControllerTests.swift; sourceTree = "<group>"; };
		8A4CE2BD246C7E0900179FE6 /* NavigationItemOverridePolicyTests.swift */ = {isa = PBXFileReference; lastKnownFileType = sourcecode.swift; path = NavigationItemOverridePolicyTests.swift; sourceTree = "<group>"; };
		8A5C12212483D223003544D1 /* AsyncViewController.swift */ = {isa = PBXFileReference; lastKnownFileType = sourcecode.swift; path = AsyncViewController.swift; sourceTree = "<group>"; };
		8A61829124686025004383B3 /* NavigationItemOverridePolicy.swift */ = {isa = PBXFileReference; lastKnownFileType = sourcecode.swift; path = NavigationItemOverridePolicy.swift; sourceTree = "<group>"; };
		8AC164FC2465894600BBC00D /* AsyncViewKit.framework */ = {isa = PBXFileReference; explicitFileType = wrapper.framework; includeInIndex = 0; path = AsyncViewKit.framework; sourceTree = BUILT_PRODUCTS_DIR; };
		8AC164FF2465894600BBC00D /* AsyncViewController.h */ = {isa = PBXFileReference; lastKnownFileType = sourcecode.c.h; path = AsyncViewController.h; sourceTree = "<group>"; };
		8AC165002465894600BBC00D /* Info.plist */ = {isa = PBXFileReference; lastKnownFileType = text.plist.xml; path = Info.plist; sourceTree = "<group>"; };
		8AC165082465899700BBC00D /* AsyncResultViewController.swift */ = {isa = PBXFileReference; lastKnownFileType = sourcecode.swift; path = AsyncResultViewController.swift; sourceTree = "<group>"; };
		8AC1652F2465932400BBC00D /* Assets.xcassets */ = {isa = PBXFileReference; lastKnownFileType = folder.assetcatalog; path = Assets.xcassets; sourceTree = "<group>"; };
		8AC165312465932400BBC00D /* Base */ = {isa = PBXFileReference; lastKnownFileType = file.storyboard; name = Base; path = Base.lproj/LaunchScreen.storyboard; sourceTree = "<group>"; };
		8AC165332465932400BBC00D /* Base */ = {isa = PBXFileReference; lastKnownFileType = file.storyboard; name = Base; path = Base.lproj/Main.storyboard; sourceTree = "<group>"; };
		8AC165342465932400BBC00D /* AppDelegate.swift */ = {isa = PBXFileReference; fileEncoding = 4; lastKnownFileType = sourcecode.swift; path = AppDelegate.swift; sourceTree = "<group>"; };
		8AC165352465932400BBC00D /* MainViewController.swift */ = {isa = PBXFileReference; fileEncoding = 4; lastKnownFileType = sourcecode.swift; path = MainViewController.swift; sourceTree = "<group>"; };
		8AC165362465932400BBC00D /* Info.plist */ = {isa = PBXFileReference; fileEncoding = 4; lastKnownFileType = text.plist.xml; path = Info.plist; sourceTree = "<group>"; };
		8AC165372465932400BBC00D /* SceneDelegate.swift */ = {isa = PBXFileReference; fileEncoding = 4; lastKnownFileType = sourcecode.swift; path = SceneDelegate.swift; sourceTree = "<group>"; };
		8AC165452465937F00BBC00D /* AsyncViewKitDemo.app */ = {isa = PBXFileReference; explicitFileType = wrapper.application; includeInIndex = 0; path = AsyncViewKitDemo.app; sourceTree = BUILT_PRODUCTS_DIR; };
		8AC165622465A91900BBC00D /* DetailViewController.swift */ = {isa = PBXFileReference; lastKnownFileType = sourcecode.swift; path = DetailViewController.swift; sourceTree = "<group>"; };
		8D8F4DF6A00F69C6E170F18D /* Pods-AsyncViewKit.debug.xcconfig */ = {isa = PBXFileReference; includeInIndex = 1; lastKnownFileType = text.xcconfig; name = "Pods-AsyncViewKit.debug.xcconfig"; path = "Target Support Files/Pods-AsyncViewKit/Pods-AsyncViewKit.debug.xcconfig"; sourceTree = "<group>"; };
		9D26646DB0928D0F57D1814C /* Pods_AsyncViewKit.framework */ = {isa = PBXFileReference; explicitFileType = wrapper.framework; includeInIndex = 0; path = Pods_AsyncViewKit.framework; sourceTree = BUILT_PRODUCTS_DIR; };
		AF727BEC88BA33178BF0D074 /* Pods-AsyncViewKitDemo.debug.xcconfig */ = {isa = PBXFileReference; includeInIndex = 1; lastKnownFileType = text.xcconfig; name = "Pods-AsyncViewKitDemo.debug.xcconfig"; path = "Target Support Files/Pods-AsyncViewKitDemo/Pods-AsyncViewKitDemo.debug.xcconfig"; sourceTree = "<group>"; };
		B91DED2C5970A6CF71BB89F7 /* Pods-AsyncViewKit-AsyncViewKitTests.debug.xcconfig */ = {isa = PBXFileReference; includeInIndex = 1; lastKnownFileType = text.xcconfig; name = "Pods-AsyncViewKit-AsyncViewKitTests.debug.xcconfig"; path = "Target Support Files/Pods-AsyncViewKit-AsyncViewKitTests/Pods-AsyncViewKit-AsyncViewKitTests.debug.xcconfig"; sourceTree = "<group>"; };
		C1FC9355A15EFF643F2733B6 /* Pods-AsyncViewController-Demo.release.xcconfig */ = {isa = PBXFileReference; includeInIndex = 1; lastKnownFileType = text.xcconfig; name = "Pods-AsyncViewController-Demo.release.xcconfig"; path = "Target Support Files/Pods-AsyncViewController-Demo/Pods-AsyncViewController-Demo.release.xcconfig"; sourceTree = "<group>"; };
		C6C79CBDC1C88234ECD4697F /* Pods-AsyncViewKit-AsyncViewKitTests.release.xcconfig */ = {isa = PBXFileReference; includeInIndex = 1; lastKnownFileType = text.xcconfig; name = "Pods-AsyncViewKit-AsyncViewKitTests.release.xcconfig"; path = "Target Support Files/Pods-AsyncViewKit-AsyncViewKitTests/Pods-AsyncViewKit-AsyncViewKitTests.release.xcconfig"; sourceTree = "<group>"; };
		FA31A37476CBF5E9D9D4347B /* Pods-AsyncViewController-Demo.debug.xcconfig */ = {isa = PBXFileReference; includeInIndex = 1; lastKnownFileType = text.xcconfig; name = "Pods-AsyncViewController-Demo.debug.xcconfig"; path = "Target Support Files/Pods-AsyncViewController-Demo/Pods-AsyncViewController-Demo.debug.xcconfig"; sourceTree = "<group>"; };
		FA966EFB01CC3C1A25A8CD0B /* Pods-AsyncViewController-AsyncViewControllerTests.release.xcconfig */ = {isa = PBXFileReference; includeInIndex = 1; lastKnownFileType = text.xcconfig; name = "Pods-AsyncViewController-AsyncViewControllerTests.release.xcconfig"; path = "Target Support Files/Pods-AsyncViewController-AsyncViewControllerTests/Pods-AsyncViewController-AsyncViewControllerTests.release.xcconfig"; sourceTree = "<group>"; };
/* End PBXFileReference section */

/* Begin PBXFrameworksBuildPhase section */
		8A0DCB12246B21C6005B7829 /* Frameworks */ = {
			isa = PBXFrameworksBuildPhase;
			buildActionMask = 2147483647;
			files = (
				8A0DCB1A246B21C6005B7829 /* AsyncViewKit.framework in Frameworks */,
				BD716753DAAA00FB4E40F846 /* Pods_AsyncViewKit_AsyncViewKitTests.framework in Frameworks */,
			);
			runOnlyForDeploymentPostprocessing = 0;
		};
		8AC164F92465894600BBC00D /* Frameworks */ = {
			isa = PBXFrameworksBuildPhase;
			buildActionMask = 2147483647;
			files = (
				CD8864B947A5559EAAF53CED /* Pods_AsyncViewKit.framework in Frameworks */,
			);
			runOnlyForDeploymentPostprocessing = 0;
		};
		8AC165422465937F00BBC00D /* Frameworks */ = {
			isa = PBXFrameworksBuildPhase;
			buildActionMask = 2147483647;
			files = (
				8A5C12242483DB33003544D1 /* AsyncViewKit.framework in Frameworks */,
				85FB71CAF40B0E442046D72E /* Pods_AsyncViewKitDemo.framework in Frameworks */,
			);
			runOnlyForDeploymentPostprocessing = 0;
		};
/* End PBXFrameworksBuildPhase section */

/* Begin PBXGroup section */
		1196664D27D0D44F001FEEF8 /* Mocks */ = {
			isa = PBXGroup;
			children = (
				1196665327D0D572001FEEF8 /* MockAsyncViewController.swift */,
				1196664E27D0D45C001FEEF8 /* MockAsyncResultViewController.swift */,
			);
			path = Mocks;
			sourceTree = "<group>";
		};
		1196665027D0D485001FEEF8 /* Fakes */ = {
			isa = PBXGroup;
			children = (
				1196665127D0D48D001FEEF8 /* FakeError.swift */,
			);
			path = Fakes;
			sourceTree = "<group>";
		};
		493DEEB29B895AAD0740B805 /* Frameworks */ = {
			isa = PBXGroup;
			children = (
				9D26646DB0928D0F57D1814C /* Pods_AsyncViewKit.framework */,
				2DA507634FE7BF6A12DE00CC /* Pods_AsyncViewKit_AsyncViewKitTests.framework */,
				365668AB78B5369258B323A1 /* Pods_AsyncViewKitDemo.framework */,
			);
			name = Frameworks;
			sourceTree = "<group>";
		};
		8A0DCB16246B21C6005B7829 /* AsyncViewKitTests */ = {
			isa = PBXGroup;
			children = (
				1196665027D0D485001FEEF8 /* Fakes */,
				1196664D27D0D44F001FEEF8 /* Mocks */,
				1196664B27D0CDD5001FEEF8 /* AsyncViewControllerTests.swift */,
				8A0DCB17246B21C6005B7829 /* AsyncResultViewControllerTests.swift */,
				8A4CE2BB246C76ED00179FE6 /* LoadingViewControllerTests.swift */,
				8A4CE2BD246C7E0900179FE6 /* NavigationItemOverridePolicyTests.swift */,
				8A0DCB19246B21C6005B7829 /* Info.plist */,
			);
			path = AsyncViewKitTests;
			sourceTree = "<group>";
		};
		8AC164F22465894600BBC00D = {
			isa = PBXGroup;
			children = (
				8AC1652C2465930F00BBC00D /* AsyncViewKit */,
				8A0DCB16246B21C6005B7829 /* AsyncViewKitTests */,
				8AC1652D2465932400BBC00D /* AsyncViewKitDemo */,
				8AC164FD2465894600BBC00D /* Products */,
				F9C2D55302E50E2C77261DD3 /* Pods */,
				493DEEB29B895AAD0740B805 /* Frameworks */,
			);
			sourceTree = "<group>";
		};
		8AC164FD2465894600BBC00D /* Products */ = {
			isa = PBXGroup;
			children = (
				8AC164FC2465894600BBC00D /* AsyncViewKit.framework */,
				8AC165452465937F00BBC00D /* AsyncViewKitDemo.app */,
				8A0DCB15246B21C6005B7829 /* AsyncViewKitTests.xctest */,
			);
			name = Products;
			sourceTree = "<group>";
		};
		8AC164FE2465894600BBC00D /* Supporting Files */ = {
			isa = PBXGroup;
			children = (
				8AC164FF2465894600BBC00D /* AsyncViewController.h */,
				8AC165002465894600BBC00D /* Info.plist */,
			);
			path = "Supporting Files";
			sourceTree = "<group>";
		};
		8AC165072465898800BBC00D /* Sources */ = {
			isa = PBXGroup;
			children = (
				8A5C12212483D223003544D1 /* AsyncViewController.swift */,
				803E0971281565ED00A79A5B /* TaskFactory.swift */,
				803E0973281567F000A79A5B /* DispatchQueue.swift */,
				8AC165082465899700BBC00D /* AsyncResultViewController.swift */,
				8A46380E2466E6EA000B963F /* LoadingViewController.swift */,
				8A4638112466E74B000B963F /* LoadingAnimatable.swift */,
				8A61829124686025004383B3 /* NavigationItemOverridePolicy.swift */,
			);
			path = Sources;
			sourceTree = "<group>";
		};
		8AC1652C2465930F00BBC00D /* AsyncViewKit */ = {
			isa = PBXGroup;
			children = (
				8AC165072465898800BBC00D /* Sources */,
				8AC164FE2465894600BBC00D /* Supporting Files */,
			);
			path = AsyncViewKit;
			sourceTree = "<group>";
		};
		8AC1652D2465932400BBC00D /* AsyncViewKitDemo */ = {
			isa = PBXGroup;
			children = (
				8AC165402465932E00BBC00D /* Supporting Files */,
				8AC165342465932400BBC00D /* AppDelegate.swift */,
				8AC165372465932400BBC00D /* SceneDelegate.swift */,
				8AC165352465932400BBC00D /* MainViewController.swift */,
				8AC165622465A91900BBC00D /* DetailViewController.swift */,
				8A46380C2466E33B000B963F /* CustomLoadingViewController.swift */,
			);
			path = AsyncViewKitDemo;
			sourceTree = "<group>";
		};
		8AC165402465932E00BBC00D /* Supporting Files */ = {
			isa = PBXGroup;
			children = (
				8AC1652F2465932400BBC00D /* Assets.xcassets */,
				8AC165302465932400BBC00D /* LaunchScreen.storyboard */,
				8AC165322465932400BBC00D /* Main.storyboard */,
				8AC165362465932400BBC00D /* Info.plist */,
			);
			path = "Supporting Files";
			sourceTree = "<group>";
		};
		F9C2D55302E50E2C77261DD3 /* Pods */ = {
			isa = PBXGroup;
			children = (
				5C3B7AE5DCC76BEE3144EEE1 /* Pods-AsyncViewController.debug.xcconfig */,
				8877A8C4ACC7F698C19F4096 /* Pods-AsyncViewController.release.xcconfig */,
				30DC8262CDDA3C1FF414EF92 /* Pods-AsyncViewController-AsyncViewControllerTests.debug.xcconfig */,
				FA966EFB01CC3C1A25A8CD0B /* Pods-AsyncViewController-AsyncViewControllerTests.release.xcconfig */,
				FA31A37476CBF5E9D9D4347B /* Pods-AsyncViewController-Demo.debug.xcconfig */,
				C1FC9355A15EFF643F2733B6 /* Pods-AsyncViewController-Demo.release.xcconfig */,
				8D8F4DF6A00F69C6E170F18D /* Pods-AsyncViewKit.debug.xcconfig */,
				8504692A682E7F1081E96136 /* Pods-AsyncViewKit.release.xcconfig */,
				B91DED2C5970A6CF71BB89F7 /* Pods-AsyncViewKit-AsyncViewKitTests.debug.xcconfig */,
				C6C79CBDC1C88234ECD4697F /* Pods-AsyncViewKit-AsyncViewKitTests.release.xcconfig */,
				AF727BEC88BA33178BF0D074 /* Pods-AsyncViewKitDemo.debug.xcconfig */,
				7B3BEFE6FBF5F4CD89924B06 /* Pods-AsyncViewKitDemo.release.xcconfig */,
			);
			path = Pods;
			sourceTree = "<group>";
		};
/* End PBXGroup section */

/* Begin PBXHeadersBuildPhase section */
		8AC164F72465894600BBC00D /* Headers */ = {
			isa = PBXHeadersBuildPhase;
			buildActionMask = 2147483647;
			files = (
				8AC165012465894600BBC00D /* AsyncViewController.h in Headers */,
			);
			runOnlyForDeploymentPostprocessing = 0;
		};
/* End PBXHeadersBuildPhase section */

/* Begin PBXNativeTarget section */
		8A0DCB14246B21C6005B7829 /* AsyncViewKitTests */ = {
			isa = PBXNativeTarget;
			buildConfigurationList = 8A0DCB1D246B21C6005B7829 /* Build configuration list for PBXNativeTarget "AsyncViewKitTests" */;
			buildPhases = (
				060D0C1B4AB3B0D446AC5954 /* [CP] Check Pods Manifest.lock */,
				8A0DCB11246B21C6005B7829 /* Sources */,
				8A0DCB12246B21C6005B7829 /* Frameworks */,
				8A0DCB13246B21C6005B7829 /* Resources */,
			);
			buildRules = (
			);
			dependencies = (
				8A0DCB1C246B21C6005B7829 /* PBXTargetDependency */,
			);
			name = AsyncViewKitTests;
			productName = AsyncViewControllerTests;
			productReference = 8A0DCB15246B21C6005B7829 /* AsyncViewKitTests.xctest */;
			productType = "com.apple.product-type.bundle.unit-test";
		};
		8AC164FB2465894600BBC00D /* AsyncViewKit */ = {
			isa = PBXNativeTarget;
			buildConfigurationList = 8AC165042465894600BBC00D /* Build configuration list for PBXNativeTarget "AsyncViewKit" */;
			buildPhases = (
				86647499C1223721EE084EC1 /* [CP] Check Pods Manifest.lock */,
				8AC164F72465894600BBC00D /* Headers */,
				8AC164F82465894600BBC00D /* Sources */,
				8AC164F92465894600BBC00D /* Frameworks */,
				8AC164FA2465894600BBC00D /* Resources */,
				8A4CE2B7246C58C600179FE6 /* SwiftLint */,
			);
			buildRules = (
			);
			dependencies = (
			);
			name = AsyncViewKit;
			productName = AsyncViewController;
			productReference = 8AC164FC2465894600BBC00D /* AsyncViewKit.framework */;
			productType = "com.apple.product-type.framework";
		};
		8AC165442465937F00BBC00D /* AsyncViewKitDemo */ = {
			isa = PBXNativeTarget;
			buildConfigurationList = 8AC165582465938000BBC00D /* Build configuration list for PBXNativeTarget "AsyncViewKitDemo" */;
			buildPhases = (
				AA5E8BF78DD02981B92D5877 /* [CP] Check Pods Manifest.lock */,
				8AC165412465937F00BBC00D /* Sources */,
				8AC165422465937F00BBC00D /* Frameworks */,
				8AC165432465937F00BBC00D /* Resources */,
				8A5C12282483DB33003544D1 /* Embed Frameworks */,
			);
			buildRules = (
			);
			dependencies = (
				8A5C12272483DB33003544D1 /* PBXTargetDependency */,
			);
			name = AsyncViewKitDemo;
			productName = "AsyncViewController-Demo";
			productReference = 8AC165452465937F00BBC00D /* AsyncViewKitDemo.app */;
			productType = "com.apple.product-type.application";
		};
/* End PBXNativeTarget section */

/* Begin PBXProject section */
		8AC164F32465894600BBC00D /* Project object */ = {
			isa = PBXProject;
			attributes = {
				LastSwiftUpdateCheck = 1140;
				LastUpgradeCheck = 1140;
				ORGANIZATIONNAME = "Lukas Würzburger";
				TargetAttributes = {
					8A0DCB14246B21C6005B7829 = {
						CreatedOnToolsVersion = 11.4.1;
					};
					8AC164FB2465894600BBC00D = {
						CreatedOnToolsVersion = 11.4.1;
						LastSwiftMigration = 1140;
					};
					8AC165442465937F00BBC00D = {
						CreatedOnToolsVersion = 11.4.1;
					};
				};
			};
			buildConfigurationList = 8AC164F62465894600BBC00D /* Build configuration list for PBXProject "AsyncViewKit" */;
			compatibilityVersion = "Xcode 9.3";
			developmentRegion = en;
			hasScannedForEncodings = 0;
			knownRegions = (
				en,
				Base,
			);
			mainGroup = 8AC164F22465894600BBC00D;
			productRefGroup = 8AC164FD2465894600BBC00D /* Products */;
			projectDirPath = "";
			projectRoot = "";
			targets = (
				8AC164FB2465894600BBC00D /* AsyncViewKit */,
				8A0DCB14246B21C6005B7829 /* AsyncViewKitTests */,
				8AC165442465937F00BBC00D /* AsyncViewKitDemo */,
			);
		};
/* End PBXProject section */

/* Begin PBXResourcesBuildPhase section */
		8A0DCB13246B21C6005B7829 /* Resources */ = {
			isa = PBXResourcesBuildPhase;
			buildActionMask = 2147483647;
			files = (
			);
			runOnlyForDeploymentPostprocessing = 0;
		};
		8AC164FA2465894600BBC00D /* Resources */ = {
			isa = PBXResourcesBuildPhase;
			buildActionMask = 2147483647;
			files = (
			);
			runOnlyForDeploymentPostprocessing = 0;
		};
		8AC165432465937F00BBC00D /* Resources */ = {
			isa = PBXResourcesBuildPhase;
			buildActionMask = 2147483647;
			files = (
				8AC165612465958500BBC00D /* Main.storyboard in Resources */,
				8AC1655F2465958200BBC00D /* Assets.xcassets in Resources */,
				8AC165602465958500BBC00D /* LaunchScreen.storyboard in Resources */,
			);
			runOnlyForDeploymentPostprocessing = 0;
		};
/* End PBXResourcesBuildPhase section */

/* Begin PBXShellScriptBuildPhase section */
		060D0C1B4AB3B0D446AC5954 /* [CP] Check Pods Manifest.lock */ = {
			isa = PBXShellScriptBuildPhase;
			buildActionMask = 2147483647;
			files = (
			);
			inputFileListPaths = (
			);
			inputPaths = (
				"${PODS_PODFILE_DIR_PATH}/Podfile.lock",
				"${PODS_ROOT}/Manifest.lock",
			);
			name = "[CP] Check Pods Manifest.lock";
			outputFileListPaths = (
			);
			outputPaths = (
				"$(DERIVED_FILE_DIR)/Pods-AsyncViewKit-AsyncViewKitTests-checkManifestLockResult.txt",
			);
			runOnlyForDeploymentPostprocessing = 0;
			shellPath = /bin/sh;
			shellScript = "diff \"${PODS_PODFILE_DIR_PATH}/Podfile.lock\" \"${PODS_ROOT}/Manifest.lock\" > /dev/null\nif [ $? != 0 ] ; then\n    # print error to STDERR\n    echo \"error: The sandbox is not in sync with the Podfile.lock. Run 'pod install' or update your CocoaPods installation.\" >&2\n    exit 1\nfi\n# This output is used by Xcode 'outputs' to avoid re-running this script phase.\necho \"SUCCESS\" > \"${SCRIPT_OUTPUT_FILE_0}\"\n";
			showEnvVarsInLog = 0;
		};
		86647499C1223721EE084EC1 /* [CP] Check Pods Manifest.lock */ = {
			isa = PBXShellScriptBuildPhase;
			buildActionMask = 2147483647;
			files = (
			);
			inputFileListPaths = (
			);
			inputPaths = (
				"${PODS_PODFILE_DIR_PATH}/Podfile.lock",
				"${PODS_ROOT}/Manifest.lock",
			);
			name = "[CP] Check Pods Manifest.lock";
			outputFileListPaths = (
			);
			outputPaths = (
				"$(DERIVED_FILE_DIR)/Pods-AsyncViewKit-checkManifestLockResult.txt",
			);
			runOnlyForDeploymentPostprocessing = 0;
			shellPath = /bin/sh;
			shellScript = "diff \"${PODS_PODFILE_DIR_PATH}/Podfile.lock\" \"${PODS_ROOT}/Manifest.lock\" > /dev/null\nif [ $? != 0 ] ; then\n    # print error to STDERR\n    echo \"error: The sandbox is not in sync with the Podfile.lock. Run 'pod install' or update your CocoaPods installation.\" >&2\n    exit 1\nfi\n# This output is used by Xcode 'outputs' to avoid re-running this script phase.\necho \"SUCCESS\" > \"${SCRIPT_OUTPUT_FILE_0}\"\n";
			showEnvVarsInLog = 0;
		};
		8A4CE2B7246C58C600179FE6 /* SwiftLint */ = {
			isa = PBXShellScriptBuildPhase;
			buildActionMask = 2147483647;
			files = (
			);
			inputFileListPaths = (
			);
			inputPaths = (
			);
			name = SwiftLint;
			outputFileListPaths = (
			);
			outputPaths = (
			);
			runOnlyForDeploymentPostprocessing = 0;
			shellPath = /bin/sh;
			shellScript = "\"${PODS_ROOT}/SwiftLint/swiftlint\"\n";
		};
		AA5E8BF78DD02981B92D5877 /* [CP] Check Pods Manifest.lock */ = {
			isa = PBXShellScriptBuildPhase;
			buildActionMask = 2147483647;
			files = (
			);
			inputFileListPaths = (
			);
			inputPaths = (
				"${PODS_PODFILE_DIR_PATH}/Podfile.lock",
				"${PODS_ROOT}/Manifest.lock",
			);
			name = "[CP] Check Pods Manifest.lock";
			outputFileListPaths = (
			);
			outputPaths = (
				"$(DERIVED_FILE_DIR)/Pods-AsyncViewKitDemo-checkManifestLockResult.txt",
			);
			runOnlyForDeploymentPostprocessing = 0;
			shellPath = /bin/sh;
			shellScript = "diff \"${PODS_PODFILE_DIR_PATH}/Podfile.lock\" \"${PODS_ROOT}/Manifest.lock\" > /dev/null\nif [ $? != 0 ] ; then\n    # print error to STDERR\n    echo \"error: The sandbox is not in sync with the Podfile.lock. Run 'pod install' or update your CocoaPods installation.\" >&2\n    exit 1\nfi\n# This output is used by Xcode 'outputs' to avoid re-running this script phase.\necho \"SUCCESS\" > \"${SCRIPT_OUTPUT_FILE_0}\"\n";
			showEnvVarsInLog = 0;
		};
/* End PBXShellScriptBuildPhase section */

/* Begin PBXSourcesBuildPhase section */
		8A0DCB11246B21C6005B7829 /* Sources */ = {
			isa = PBXSourcesBuildPhase;
			buildActionMask = 2147483647;
			files = (
				8A4CE2BC246C76ED00179FE6 /* LoadingViewControllerTests.swift in Sources */,
				1196664C27D0CDD6001FEEF8 /* AsyncViewControllerTests.swift in Sources */,
				1196664F27D0D45C001FEEF8 /* MockAsyncResultViewController.swift in Sources */,
				8A4CE2BE246C7E0900179FE6 /* NavigationItemOverridePolicyTests.swift in Sources */,
				8A0DCB18246B21C6005B7829 /* AsyncResultViewControllerTests.swift in Sources */,
				1196665227D0D48D001FEEF8 /* FakeError.swift in Sources */,
				1196665427D0D572001FEEF8 /* MockAsyncViewController.swift in Sources */,
			);
			runOnlyForDeploymentPostprocessing = 0;
		};
		8AC164F82465894600BBC00D /* Sources */ = {
			isa = PBXSourcesBuildPhase;
			buildActionMask = 2147483647;
			files = (
				8A61829224686025004383B3 /* NavigationItemOverridePolicy.swift in Sources */,
				803E0972281565ED00A79A5B /* TaskFactory.swift in Sources */,
				8A4638122466E74B000B963F /* LoadingAnimatable.swift in Sources */,
				8AC165092465899700BBC00D /* AsyncResultViewController.swift in Sources */,
				8A46380F2466E6EA000B963F /* LoadingViewController.swift in Sources */,
				803E0974281567F000A79A5B /* DispatchQueue.swift in Sources */,
				8A5C12222483D223003544D1 /* AsyncViewController.swift in Sources */,
			);
			runOnlyForDeploymentPostprocessing = 0;
		};
		8AC165412465937F00BBC00D /* Sources */ = {
			isa = PBXSourcesBuildPhase;
			buildActionMask = 2147483647;
			files = (
				8AC1655E2465957C00BBC00D /* MainViewController.swift in Sources */,
				8AC1655C2465957C00BBC00D /* AppDelegate.swift in Sources */,
				8A46380D2466E33B000B963F /* CustomLoadingViewController.swift in Sources */,
				8AC165632465A91900BBC00D /* DetailViewController.swift in Sources */,
				8AC1655D2465957C00BBC00D /* SceneDelegate.swift in Sources */,
			);
			runOnlyForDeploymentPostprocessing = 0;
		};
/* End PBXSourcesBuildPhase section */

/* Begin PBXTargetDependency section */
		8A0DCB1C246B21C6005B7829 /* PBXTargetDependency */ = {
			isa = PBXTargetDependency;
			target = 8AC164FB2465894600BBC00D /* AsyncViewKit */;
			targetProxy = 8A0DCB1B246B21C6005B7829 /* PBXContainerItemProxy */;
		};
		8A5C12272483DB33003544D1 /* PBXTargetDependency */ = {
			isa = PBXTargetDependency;
			target = 8AC164FB2465894600BBC00D /* AsyncViewKit */;
			targetProxy = 8A5C12262483DB33003544D1 /* PBXContainerItemProxy */;
		};
/* End PBXTargetDependency section */

/* Begin PBXVariantGroup section */
		8AC165302465932400BBC00D /* LaunchScreen.storyboard */ = {
			isa = PBXVariantGroup;
			children = (
				8AC165312465932400BBC00D /* Base */,
			);
			name = LaunchScreen.storyboard;
			sourceTree = "<group>";
		};
		8AC165322465932400BBC00D /* Main.storyboard */ = {
			isa = PBXVariantGroup;
			children = (
				8AC165332465932400BBC00D /* Base */,
			);
			name = Main.storyboard;
			sourceTree = "<group>";
		};
/* End PBXVariantGroup section */

/* Begin XCBuildConfiguration section */
		8A0DCB1E246B21C6005B7829 /* Debug */ = {
			isa = XCBuildConfiguration;
			baseConfigurationReference = B91DED2C5970A6CF71BB89F7 /* Pods-AsyncViewKit-AsyncViewKitTests.debug.xcconfig */;
			buildSettings = {
				CODE_SIGN_STYLE = Automatic;
				DEVELOPMENT_TEAM = UE4U5XA7R9;
				INFOPLIST_FILE = AsyncViewKitTests/Info.plist;
				LD_RUNPATH_SEARCH_PATHS = (
					"$(inherited)",
					"@executable_path/Frameworks",
					"@loader_path/Frameworks",
				);
				PRODUCT_BUNDLE_IDENTIFIER = de.lukaswuerzburger.AsyncViewKitTests;
				PRODUCT_NAME = "$(TARGET_NAME)";
				TARGETED_DEVICE_FAMILY = "1,2";
			};
			name = Debug;
		};
		8A0DCB1F246B21C6005B7829 /* Release */ = {
			isa = XCBuildConfiguration;
			baseConfigurationReference = C6C79CBDC1C88234ECD4697F /* Pods-AsyncViewKit-AsyncViewKitTests.release.xcconfig */;
			buildSettings = {
				CODE_SIGN_STYLE = Automatic;
				DEVELOPMENT_TEAM = UE4U5XA7R9;
				INFOPLIST_FILE = AsyncViewKitTests/Info.plist;
				LD_RUNPATH_SEARCH_PATHS = (
					"$(inherited)",
					"@executable_path/Frameworks",
					"@loader_path/Frameworks",
				);
				PRODUCT_BUNDLE_IDENTIFIER = de.lukaswuerzburger.AsyncViewKitTests;
				PRODUCT_NAME = "$(TARGET_NAME)";
				TARGETED_DEVICE_FAMILY = "1,2";
			};
			name = Release;
		};
		8AC165022465894600BBC00D /* Debug */ = {
			isa = XCBuildConfiguration;
			buildSettings = {
				ALWAYS_SEARCH_USER_PATHS = NO;
				CLANG_ANALYZER_NONNULL = YES;
				CLANG_ANALYZER_NUMBER_OBJECT_CONVERSION = YES_AGGRESSIVE;
				CLANG_CXX_LANGUAGE_STANDARD = "gnu++14";
				CLANG_CXX_LIBRARY = "libc++";
				CLANG_ENABLE_MODULES = YES;
				CLANG_ENABLE_OBJC_ARC = YES;
				CLANG_ENABLE_OBJC_WEAK = YES;
				CLANG_WARN_BLOCK_CAPTURE_AUTORELEASING = YES;
				CLANG_WARN_BOOL_CONVERSION = YES;
				CLANG_WARN_COMMA = YES;
				CLANG_WARN_CONSTANT_CONVERSION = YES;
				CLANG_WARN_DEPRECATED_OBJC_IMPLEMENTATIONS = YES;
				CLANG_WARN_DIRECT_OBJC_ISA_USAGE = YES_ERROR;
				CLANG_WARN_DOCUMENTATION_COMMENTS = YES;
				CLANG_WARN_EMPTY_BODY = YES;
				CLANG_WARN_ENUM_CONVERSION = YES;
				CLANG_WARN_INFINITE_RECURSION = YES;
				CLANG_WARN_INT_CONVERSION = YES;
				CLANG_WARN_NON_LITERAL_NULL_CONVERSION = YES;
				CLANG_WARN_OBJC_IMPLICIT_RETAIN_SELF = YES;
				CLANG_WARN_OBJC_LITERAL_CONVERSION = YES;
				CLANG_WARN_OBJC_ROOT_CLASS = YES_ERROR;
				CLANG_WARN_RANGE_LOOP_ANALYSIS = YES;
				CLANG_WARN_STRICT_PROTOTYPES = YES;
				CLANG_WARN_SUSPICIOUS_MOVE = YES;
				CLANG_WARN_UNGUARDED_AVAILABILITY = YES_AGGRESSIVE;
				CLANG_WARN_UNREACHABLE_CODE = YES;
				CLANG_WARN__DUPLICATE_METHOD_MATCH = YES;
				COPY_PHASE_STRIP = NO;
				CURRENT_PROJECT_VERSION = 3;
				DEBUG_INFORMATION_FORMAT = dwarf;
				ENABLE_STRICT_OBJC_MSGSEND = YES;
				ENABLE_TESTABILITY = YES;
				GCC_C_LANGUAGE_STANDARD = gnu11;
				GCC_DYNAMIC_NO_PIC = NO;
				GCC_NO_COMMON_BLOCKS = YES;
				GCC_OPTIMIZATION_LEVEL = 0;
				GCC_PREPROCESSOR_DEFINITIONS = (
					"DEBUG=1",
					"$(inherited)",
				);
				GCC_WARN_64_TO_32_BIT_CONVERSION = YES;
				GCC_WARN_ABOUT_RETURN_TYPE = YES_ERROR;
				GCC_WARN_UNDECLARED_SELECTOR = YES;
				GCC_WARN_UNINITIALIZED_AUTOS = YES_AGGRESSIVE;
				GCC_WARN_UNUSED_FUNCTION = YES;
				GCC_WARN_UNUSED_VARIABLE = YES;
				IPHONEOS_DEPLOYMENT_TARGET = 13.0;
				MTL_ENABLE_DEBUG_INFO = INCLUDE_SOURCE;
				MTL_FAST_MATH = YES;
				ONLY_ACTIVE_ARCH = YES;
				SDKROOT = iphoneos;
				SWIFT_ACTIVE_COMPILATION_CONDITIONS = DEBUG;
				SWIFT_OPTIMIZATION_LEVEL = "-Onone";
				SWIFT_VERSION = 5.0;
				VERSIONING_SYSTEM = "apple-generic";
				VERSION_INFO_PREFIX = "";
			};
			name = Debug;
		};
		8AC165032465894600BBC00D /* Release */ = {
			isa = XCBuildConfiguration;
			buildSettings = {
				ALWAYS_SEARCH_USER_PATHS = NO;
				CLANG_ANALYZER_NONNULL = YES;
				CLANG_ANALYZER_NUMBER_OBJECT_CONVERSION = YES_AGGRESSIVE;
				CLANG_CXX_LANGUAGE_STANDARD = "gnu++14";
				CLANG_CXX_LIBRARY = "libc++";
				CLANG_ENABLE_MODULES = YES;
				CLANG_ENABLE_OBJC_ARC = YES;
				CLANG_ENABLE_OBJC_WEAK = YES;
				CLANG_WARN_BLOCK_CAPTURE_AUTORELEASING = YES;
				CLANG_WARN_BOOL_CONVERSION = YES;
				CLANG_WARN_COMMA = YES;
				CLANG_WARN_CONSTANT_CONVERSION = YES;
				CLANG_WARN_DEPRECATED_OBJC_IMPLEMENTATIONS = YES;
				CLANG_WARN_DIRECT_OBJC_ISA_USAGE = YES_ERROR;
				CLANG_WARN_DOCUMENTATION_COMMENTS = YES;
				CLANG_WARN_EMPTY_BODY = YES;
				CLANG_WARN_ENUM_CONVERSION = YES;
				CLANG_WARN_INFINITE_RECURSION = YES;
				CLANG_WARN_INT_CONVERSION = YES;
				CLANG_WARN_NON_LITERAL_NULL_CONVERSION = YES;
				CLANG_WARN_OBJC_IMPLICIT_RETAIN_SELF = YES;
				CLANG_WARN_OBJC_LITERAL_CONVERSION = YES;
				CLANG_WARN_OBJC_ROOT_CLASS = YES_ERROR;
				CLANG_WARN_RANGE_LOOP_ANALYSIS = YES;
				CLANG_WARN_STRICT_PROTOTYPES = YES;
				CLANG_WARN_SUSPICIOUS_MOVE = YES;
				CLANG_WARN_UNGUARDED_AVAILABILITY = YES_AGGRESSIVE;
				CLANG_WARN_UNREACHABLE_CODE = YES;
				CLANG_WARN__DUPLICATE_METHOD_MATCH = YES;
				COPY_PHASE_STRIP = NO;
				CURRENT_PROJECT_VERSION = 3;
				DEBUG_INFORMATION_FORMAT = "dwarf-with-dsym";
				ENABLE_NS_ASSERTIONS = NO;
				ENABLE_STRICT_OBJC_MSGSEND = YES;
				GCC_C_LANGUAGE_STANDARD = gnu11;
				GCC_NO_COMMON_BLOCKS = YES;
				GCC_WARN_64_TO_32_BIT_CONVERSION = YES;
				GCC_WARN_ABOUT_RETURN_TYPE = YES_ERROR;
				GCC_WARN_UNDECLARED_SELECTOR = YES;
				GCC_WARN_UNINITIALIZED_AUTOS = YES_AGGRESSIVE;
				GCC_WARN_UNUSED_FUNCTION = YES;
				GCC_WARN_UNUSED_VARIABLE = YES;
				IPHONEOS_DEPLOYMENT_TARGET = 13.0;
				MTL_ENABLE_DEBUG_INFO = NO;
				MTL_FAST_MATH = YES;
				SDKROOT = iphoneos;
				SWIFT_COMPILATION_MODE = wholemodule;
				SWIFT_OPTIMIZATION_LEVEL = "-O";
				SWIFT_VERSION = 5.0;
				VALIDATE_PRODUCT = YES;
				VERSIONING_SYSTEM = "apple-generic";
				VERSION_INFO_PREFIX = "";
			};
			name = Release;
		};
		8AC165052465894600BBC00D /* Debug */ = {
			isa = XCBuildConfiguration;
			baseConfigurationReference = 8D8F4DF6A00F69C6E170F18D /* Pods-AsyncViewKit.debug.xcconfig */;
			buildSettings = {
				CLANG_ENABLE_MODULES = YES;
				CODE_SIGN_STYLE = Automatic;
				CURRENT_PROJECT_VERSION = 4;
				DEFINES_MODULE = YES;
				DEVELOPMENT_TEAM = UE4U5XA7R9;
				DYLIB_INSTALL_NAME_BASE = "@rpath";
				INFOPLIST_FILE = "AsyncViewKit/Supporting Files/Info.plist";
				INSTALL_PATH = "$(LOCAL_LIBRARY_DIR)/Frameworks";
				LD_RUNPATH_SEARCH_PATHS = (
					"$(inherited)",
					"@executable_path/Frameworks",
					"@loader_path/Frameworks",
				);
				MARKETING_VERSION = 2.1.1;
				PRODUCT_BUNDLE_IDENTIFIER = de.lukaswuerzburger.AsyncViewKit;
				PRODUCT_NAME = "$(TARGET_NAME:c99extidentifier)";
				SKIP_INSTALL = YES;
				SWIFT_OPTIMIZATION_LEVEL = "-Onone";
				TARGETED_DEVICE_FAMILY = "1,2";
			};
			name = Debug;
		};
		8AC165062465894600BBC00D /* Release */ = {
			isa = XCBuildConfiguration;
			baseConfigurationReference = 8504692A682E7F1081E96136 /* Pods-AsyncViewKit.release.xcconfig */;
			buildSettings = {
				CLANG_ENABLE_MODULES = YES;
				CODE_SIGN_STYLE = Automatic;
				CURRENT_PROJECT_VERSION = 4;
				DEFINES_MODULE = YES;
				DEVELOPMENT_TEAM = UE4U5XA7R9;
				DYLIB_INSTALL_NAME_BASE = "@rpath";
				INFOPLIST_FILE = "AsyncViewKit/Supporting Files/Info.plist";
				INSTALL_PATH = "$(LOCAL_LIBRARY_DIR)/Frameworks";
				LD_RUNPATH_SEARCH_PATHS = (
					"$(inherited)",
					"@executable_path/Frameworks",
					"@loader_path/Frameworks",
				);
				MARKETING_VERSION = 2.1.1;
				PRODUCT_BUNDLE_IDENTIFIER = de.lukaswuerzburger.AsyncViewKit;
				PRODUCT_NAME = "$(TARGET_NAME:c99extidentifier)";
				SKIP_INSTALL = YES;
				TARGETED_DEVICE_FAMILY = "1,2";
			};
			name = Release;
		};
		8AC165592465938000BBC00D /* Debug */ = {
			isa = XCBuildConfiguration;
			baseConfigurationReference = AF727BEC88BA33178BF0D074 /* Pods-AsyncViewKitDemo.debug.xcconfig */;
			buildSettings = {
				ASSETCATALOG_COMPILER_APPICON_NAME = AppIcon;
				CODE_SIGN_STYLE = Automatic;
				DEVELOPMENT_TEAM = UE4U5XA7R9;
				INFOPLIST_FILE = "AsyncViewKitDemo/Supporting Files/Info.plist";
				LD_RUNPATH_SEARCH_PATHS = (
					"$(inherited)",
					"@executable_path/Frameworks",
				);
				PRODUCT_BUNDLE_IDENTIFIER = de.lukaswuerzburger.AsyncViewKitDemo;
				PRODUCT_NAME = "$(TARGET_NAME)";
				TARGETED_DEVICE_FAMILY = "1,2";
			};
			name = Debug;
		};
		8AC1655A2465938000BBC00D /* Release */ = {
			isa = XCBuildConfiguration;
			baseConfigurationReference = 7B3BEFE6FBF5F4CD89924B06 /* Pods-AsyncViewKitDemo.release.xcconfig */;
			buildSettings = {
				ASSETCATALOG_COMPILER_APPICON_NAME = AppIcon;
				CODE_SIGN_STYLE = Automatic;
				DEVELOPMENT_TEAM = UE4U5XA7R9;
				INFOPLIST_FILE = "AsyncViewKitDemo/Supporting Files/Info.plist";
				LD_RUNPATH_SEARCH_PATHS = (
					"$(inherited)",
					"@executable_path/Frameworks",
				);
				PRODUCT_BUNDLE_IDENTIFIER = de.lukaswuerzburger.AsyncViewKitDemo;
				PRODUCT_NAME = "$(TARGET_NAME)";
				TARGETED_DEVICE_FAMILY = "1,2";
			};
			name = Release;
		};
/* End XCBuildConfiguration section */

/* Begin XCConfigurationList section */
		8A0DCB1D246B21C6005B7829 /* Build configuration list for PBXNativeTarget "AsyncViewKitTests" */ = {
			isa = XCConfigurationList;
			buildConfigurations = (
				8A0DCB1E246B21C6005B7829 /* Debug */,
				8A0DCB1F246B21C6005B7829 /* Release */,
			);
			defaultConfigurationIsVisible = 0;
			defaultConfigurationName = Release;
		};
		8AC164F62465894600BBC00D /* Build configuration list for PBXProject "AsyncViewKit" */ = {
			isa = XCConfigurationList;
			buildConfigurations = (
				8AC165022465894600BBC00D /* Debug */,
				8AC165032465894600BBC00D /* Release */,
			);
			defaultConfigurationIsVisible = 0;
			defaultConfigurationName = Release;
		};
		8AC165042465894600BBC00D /* Build configuration list for PBXNativeTarget "AsyncViewKit" */ = {
			isa = XCConfigurationList;
			buildConfigurations = (
				8AC165052465894600BBC00D /* Debug */,
				8AC165062465894600BBC00D /* Release */,
			);
			defaultConfigurationIsVisible = 0;
			defaultConfigurationName = Release;
		};
		8AC165582465938000BBC00D /* Build configuration list for PBXNativeTarget "AsyncViewKitDemo" */ = {
			isa = XCConfigurationList;
			buildConfigurations = (
				8AC165592465938000BBC00D /* Debug */,
				8AC1655A2465938000BBC00D /* Release */,
			);
			defaultConfigurationIsVisible = 0;
			defaultConfigurationName = Release;
		};
/* End XCConfigurationList section */
	};
	rootObject = 8AC164F32465894600BBC00D /* Project object */;
}
